<?xml version="1.0" encoding="UTF-8"?>
<!DOCTYPE plist PUBLIC "-//Apple//DTD PLIST 1.0//EN" "http://www.apple.com/DTDs/PropertyList-1.0.dtd">
<plist version="1.0">
<dict>
	<key>archiveVersion</key>
	<string>1</string>
	<key>classes</key>
	<dict/>
	<key>objectVersion</key>
	<string>46</string>
	<key>objects</key>
	<dict>
		<key>0907336A1E64105A00F21E02</key>
		<dict>
			<key>children</key>
			<array>
				<string>774DBC101E64214900B8798C</string>
				<string>0907336B1E64105A00F21E02</string>
				<string>0907336C1E64105A00F21E02</string>
				<string>77D2BF921E668D83000B9978</string>
				<string>0907336D1E64105A00F21E02</string>
				<string>0907336E1E64105A00F21E02</string>
				<string>0907336F1E64105A00F21E02</string>
				<string>090733701E64105A00F21E02</string>
				<string>090733711E64105A00F21E02</string>
				<string>090733721E64105A00F21E02</string>
				<string>090733731E64105A00F21E02</string>
				<string>0945B1391E67E7F2005B7560</string>
				<string>0945B13A1E67E7F2005B7560</string>
				<string>0945B13B1E67E7F2005B7560</string>
				<string>0945B13C1E67E7F2005B7560</string>
				<string>090733741E64105A00F21E02</string>
				<string>090733751E64105A00F21E02</string>
				<string>090733761E64105A00F21E02</string>
				<string>090733771E64105A00F21E02</string>
				<string>090733781E64105A00F21E02</string>
				<string>090733791E64105A00F21E02</string>
				<string>0907337A1E64105A00F21E02</string>
			</array>
			<key>isa</key>
			<string>PBXGroup</string>
			<key>path</key>
			<string>resource</string>
			<key>sourceTree</key>
			<string>&lt;group&gt;</string>
		</dict>
		<key>0907336B1E64105A00F21E02</key>
		<dict>
			<key>isa</key>
			<string>PBXFileReference</string>
			<key>lastKnownFileType</key>
			<string>image.png</string>
			<key>path</key>
			<string>consultPagTab.png</string>
			<key>sourceTree</key>
			<string>&lt;group&gt;</string>
		</dict>
		<key>0907336C1E64105A00F21E02</key>
		<dict>
			<key>isa</key>
			<string>PBXFileReference</string>
			<key>lastKnownFileType</key>
			<string>image.png</string>
			<key>path</key>
			<string>consultPagTab@2x.png</string>
			<key>sourceTree</key>
			<string>&lt;group&gt;</string>
		</dict>
		<key>0907336D1E64105A00F21E02</key>
		<dict>
			<key>isa</key>
			<string>PBXFileReference</string>
			<key>lastKnownFileType</key>
			<string>image.png</string>
			<key>path</key>
			<string>consultPagTabSel.png</string>
			<key>sourceTree</key>
			<string>&lt;group&gt;</string>
		</dict>
		<key>0907336E1E64105A00F21E02</key>
		<dict>
			<key>isa</key>
			<string>PBXFileReference</string>
			<key>lastKnownFileType</key>
			<string>image.png</string>
			<key>path</key>
			<string>consultPagTabSel@2x.png</string>
			<key>sourceTree</key>
			<string>&lt;group&gt;</string>
		</dict>
		<key>0907336F1E64105A00F21E02</key>
		<dict>
			<key>isa</key>
			<string>PBXFileReference</string>
			<key>lastKnownFileType</key>
			<string>image.png</string>
			<key>path</key>
			<string>firstPageTab.png</string>
			<key>sourceTree</key>
			<string>&lt;group&gt;</string>
		</dict>
		<key>090733701E64105A00F21E02</key>
		<dict>
			<key>isa</key>
			<string>PBXFileReference</string>
			<key>lastKnownFileType</key>
			<string>image.png</string>
			<key>path</key>
			<string>firstPageTab@2x.png</string>
			<key>sourceTree</key>
			<string>&lt;group&gt;</string>
		</dict>
		<key>090733711E64105A00F21E02</key>
		<dict>
			<key>isa</key>
			<string>PBXFileReference</string>
			<key>lastKnownFileType</key>
			<string>image.png</string>
			<key>path</key>
			<string>firstPageTabSel.png</string>
			<key>sourceTree</key>
			<string>&lt;group&gt;</string>
		</dict>
		<key>090733721E64105A00F21E02</key>
		<dict>
			<key>isa</key>
			<string>PBXFileReference</string>
			<key>lastKnownFileType</key>
			<string>image.png</string>
			<key>path</key>
			<string>firstPageTabSel@2x.png</string>
			<key>sourceTree</key>
			<string>&lt;group&gt;</string>
		</dict>
		<key>090733731E64105A00F21E02</key>
		<dict>
			<key>isa</key>
			<string>PBXFileReference</string>
			<key>lastKnownFileType</key>
			<string>image.png</string>
			<key>path</key>
			<string>mainMessage.png</string>
			<key>sourceTree</key>
			<string>&lt;group&gt;</string>
		</dict>
		<key>090733741E64105A00F21E02</key>
		<dict>
			<key>isa</key>
			<string>PBXFileReference</string>
			<key>lastKnownFileType</key>
			<string>image.png</string>
			<key>path</key>
			<string>mainMessage@2x.png</string>
			<key>sourceTree</key>
			<string>&lt;group&gt;</string>
		</dict>
		<key>090733751E64105A00F21E02</key>
		<dict>
			<key>isa</key>
			<string>PBXFileReference</string>
			<key>lastKnownFileType</key>
			<string>image.png</string>
			<key>path</key>
			<string>mainMessageSel.png</string>
			<key>sourceTree</key>
			<string>&lt;group&gt;</string>
		</dict>
		<key>090733761E64105A00F21E02</key>
		<dict>
			<key>isa</key>
			<string>PBXFileReference</string>
			<key>lastKnownFileType</key>
			<string>image.png</string>
			<key>path</key>
			<string>mainMessageSel@2x.png</string>
			<key>sourceTree</key>
			<string>&lt;group&gt;</string>
		</dict>
		<key>090733771E64105A00F21E02</key>
		<dict>
			<key>isa</key>
			<string>PBXFileReference</string>
			<key>lastKnownFileType</key>
			<string>image.png</string>
			<key>path</key>
			<string>myPagTab.png</string>
			<key>sourceTree</key>
			<string>&lt;group&gt;</string>
		</dict>
		<key>090733781E64105A00F21E02</key>
		<dict>
			<key>isa</key>
			<string>PBXFileReference</string>
			<key>lastKnownFileType</key>
			<string>image.png</string>
			<key>path</key>
			<string>myPagTab@2x.png</string>
			<key>sourceTree</key>
			<string>&lt;group&gt;</string>
		</dict>
		<key>090733791E64105A00F21E02</key>
		<dict>
			<key>isa</key>
			<string>PBXFileReference</string>
			<key>lastKnownFileType</key>
			<string>image.png</string>
			<key>path</key>
			<string>myPagTabSel.png</string>
			<key>sourceTree</key>
			<string>&lt;group&gt;</string>
		</dict>
		<key>0907337A1E64105A00F21E02</key>
		<dict>
			<key>isa</key>
			<string>PBXFileReference</string>
			<key>lastKnownFileType</key>
			<string>image.png</string>
			<key>path</key>
			<string>myPagTabSel@2x.png</string>
			<key>sourceTree</key>
			<string>&lt;group&gt;</string>
		</dict>
		<key>0907337B1E64105A00F21E02</key>
		<dict>
			<key>fileRef</key>
			<string>0907336B1E64105A00F21E02</string>
			<key>isa</key>
			<string>PBXBuildFile</string>
		</dict>
		<key>0907337C1E64105A00F21E02</key>
		<dict>
			<key>fileRef</key>
			<string>0907336C1E64105A00F21E02</string>
			<key>isa</key>
			<string>PBXBuildFile</string>
		</dict>
		<key>0907337D1E64105A00F21E02</key>
		<dict>
			<key>fileRef</key>
			<string>0907336D1E64105A00F21E02</string>
			<key>isa</key>
			<string>PBXBuildFile</string>
		</dict>
		<key>0907337E1E64105A00F21E02</key>
		<dict>
			<key>fileRef</key>
			<string>0907336E1E64105A00F21E02</string>
			<key>isa</key>
			<string>PBXBuildFile</string>
		</dict>
		<key>0907337F1E64105A00F21E02</key>
		<dict>
			<key>fileRef</key>
			<string>0907336F1E64105A00F21E02</string>
			<key>isa</key>
			<string>PBXBuildFile</string>
		</dict>
		<key>090733801E64105A00F21E02</key>
		<dict>
			<key>fileRef</key>
			<string>090733701E64105A00F21E02</string>
			<key>isa</key>
			<string>PBXBuildFile</string>
		</dict>
		<key>090733811E64105A00F21E02</key>
		<dict>
			<key>fileRef</key>
			<string>090733711E64105A00F21E02</string>
			<key>isa</key>
			<string>PBXBuildFile</string>
		</dict>
		<key>090733821E64105A00F21E02</key>
		<dict>
			<key>fileRef</key>
			<string>090733721E64105A00F21E02</string>
			<key>isa</key>
			<string>PBXBuildFile</string>
		</dict>
		<key>090733831E64105A00F21E02</key>
		<dict>
			<key>fileRef</key>
			<string>090733731E64105A00F21E02</string>
			<key>isa</key>
			<string>PBXBuildFile</string>
		</dict>
		<key>090733841E64105A00F21E02</key>
		<dict>
			<key>fileRef</key>
			<string>090733741E64105A00F21E02</string>
			<key>isa</key>
			<string>PBXBuildFile</string>
		</dict>
		<key>090733851E64105A00F21E02</key>
		<dict>
			<key>fileRef</key>
			<string>090733751E64105A00F21E02</string>
			<key>isa</key>
			<string>PBXBuildFile</string>
		</dict>
		<key>090733861E64105A00F21E02</key>
		<dict>
			<key>fileRef</key>
			<string>090733761E64105A00F21E02</string>
			<key>isa</key>
			<string>PBXBuildFile</string>
		</dict>
		<key>090733871E64105A00F21E02</key>
		<dict>
			<key>fileRef</key>
			<string>090733771E64105A00F21E02</string>
			<key>isa</key>
			<string>PBXBuildFile</string>
		</dict>
		<key>090733881E64105A00F21E02</key>
		<dict>
			<key>fileRef</key>
			<string>090733781E64105A00F21E02</string>
			<key>isa</key>
			<string>PBXBuildFile</string>
		</dict>
		<key>090733891E64105A00F21E02</key>
		<dict>
			<key>fileRef</key>
			<string>090733791E64105A00F21E02</string>
			<key>isa</key>
			<string>PBXBuildFile</string>
		</dict>
		<key>0907338A1E64105A00F21E02</key>
		<dict>
			<key>fileRef</key>
			<string>0907337A1E64105A00F21E02</string>
			<key>isa</key>
			<string>PBXBuildFile</string>
		</dict>
		<key>090733901E655A7B00F21E02</key>
		<dict>
			<key>children</key>
			<array>
				<string>090733981E65665A00F21E02</string>
				<string>090733991E65665A00F21E02</string>
			</array>
			<key>isa</key>
			<string>PBXGroup</string>
			<key>path</key>
			<string>model</string>
			<key>sourceTree</key>
			<string>&lt;group&gt;</string>
		</dict>
		<key>090733911E655A7B00F21E02</key>
		<dict>
			<key>children</key>
			<array>
				<string>090733921E655B0600F21E02</string>
				<string>090733931E655B0600F21E02</string>
				<string>090733941E655B0600F21E02</string>
			</array>
			<key>isa</key>
			<string>PBXGroup</string>
			<key>path</key>
			<string>view</string>
			<key>sourceTree</key>
			<string>&lt;group&gt;</string>
		</dict>
		<key>090733921E655B0600F21E02</key>
		<dict>
			<key>fileEncoding</key>
			<string>4</string>
			<key>isa</key>
			<string>PBXFileReference</string>
			<key>lastKnownFileType</key>
			<string>sourcecode.c.h</string>
			<key>path</key>
			<string>consultPageCell.h</string>
			<key>sourceTree</key>
			<string>&lt;group&gt;</string>
		</dict>
		<key>090733931E655B0600F21E02</key>
		<dict>
			<key>fileEncoding</key>
			<string>4</string>
			<key>isa</key>
			<string>PBXFileReference</string>
			<key>lastKnownFileType</key>
			<string>sourcecode.c.objc</string>
			<key>path</key>
			<string>consultPageCell.m</string>
			<key>sourceTree</key>
			<string>&lt;group&gt;</string>
		</dict>
		<key>090733941E655B0600F21E02</key>
		<dict>
			<key>fileEncoding</key>
			<string>4</string>
			<key>isa</key>
			<string>PBXFileReference</string>
			<key>lastKnownFileType</key>
			<string>file.xib</string>
			<key>path</key>
			<string>consultPageCell.xib</string>
			<key>sourceTree</key>
			<string>&lt;group&gt;</string>
		</dict>
		<key>090733951E655B0600F21E02</key>
		<dict>
			<key>fileRef</key>
			<string>090733931E655B0600F21E02</string>
			<key>isa</key>
			<string>PBXBuildFile</string>
		</dict>
		<key>090733961E655B0600F21E02</key>
		<dict>
			<key>fileRef</key>
			<string>090733941E655B0600F21E02</string>
			<key>isa</key>
			<string>PBXBuildFile</string>
		</dict>
		<key>090733981E65665A00F21E02</key>
		<dict>
			<key>fileEncoding</key>
			<string>4</string>
			<key>isa</key>
			<string>PBXFileReference</string>
			<key>lastKnownFileType</key>
			<string>sourcecode.c.h</string>
			<key>path</key>
			<string>counselorInfoModel.h</string>
			<key>sourceTree</key>
			<string>&lt;group&gt;</string>
		</dict>
		<key>090733991E65665A00F21E02</key>
		<dict>
			<key>fileEncoding</key>
			<string>4</string>
			<key>isa</key>
			<string>PBXFileReference</string>
			<key>lastKnownFileType</key>
			<string>sourcecode.c.objc</string>
			<key>path</key>
			<string>counselorInfoModel.m</string>
			<key>sourceTree</key>
			<string>&lt;group&gt;</string>
		</dict>
		<key>0907339A1E65665A00F21E02</key>
		<dict>
			<key>fileRef</key>
			<string>090733991E65665A00F21E02</string>
			<key>isa</key>
			<string>PBXBuildFile</string>
		</dict>
		<key>0945B1391E67E7F2005B7560</key>
		<dict>
			<key>isa</key>
			<string>PBXFileReference</string>
			<key>lastKnownFileType</key>
			<string>image.png</string>
			<key>path</key>
			<string>female.png</string>
			<key>sourceTree</key>
			<string>&lt;group&gt;</string>
		</dict>
		<key>0945B13A1E67E7F2005B7560</key>
		<dict>
			<key>isa</key>
			<string>PBXFileReference</string>
			<key>lastKnownFileType</key>
			<string>image.png</string>
			<key>path</key>
			<string>female@2x.png</string>
			<key>sourceTree</key>
			<string>&lt;group&gt;</string>
		</dict>
		<key>0945B13B1E67E7F2005B7560</key>
		<dict>
			<key>isa</key>
			<string>PBXFileReference</string>
			<key>lastKnownFileType</key>
			<string>image.png</string>
			<key>path</key>
			<string>male.png</string>
			<key>sourceTree</key>
			<string>&lt;group&gt;</string>
		</dict>
		<key>0945B13C1E67E7F2005B7560</key>
		<dict>
			<key>isa</key>
			<string>PBXFileReference</string>
			<key>lastKnownFileType</key>
			<string>image.png</string>
			<key>path</key>
			<string>male@2x.png</string>
			<key>sourceTree</key>
			<string>&lt;group&gt;</string>
		</dict>
		<key>0945B13D1E67E7F2005B7560</key>
		<dict>
			<key>fileRef</key>
			<string>0945B1391E67E7F2005B7560</string>
			<key>isa</key>
			<string>PBXBuildFile</string>
		</dict>
		<key>0945B13E1E67E7F2005B7560</key>
		<dict>
			<key>fileRef</key>
			<string>0945B13A1E67E7F2005B7560</string>
			<key>isa</key>
			<string>PBXBuildFile</string>
		</dict>
		<key>0945B13F1E67E7F2005B7560</key>
		<dict>
			<key>fileRef</key>
			<string>0945B13B1E67E7F2005B7560</string>
			<key>isa</key>
			<string>PBXBuildFile</string>
		</dict>
		<key>0945B1401E67E7F2005B7560</key>
		<dict>
			<key>fileRef</key>
			<string>0945B13C1E67E7F2005B7560</string>
			<key>isa</key>
			<string>PBXBuildFile</string>
		</dict>
		<key>0945B1411E67E8BF005B7560</key>
		<dict>
			<key>fileEncoding</key>
			<string>4</string>
			<key>isa</key>
			<string>PBXFileReference</string>
			<key>lastKnownFileType</key>
			<string>sourcecode.c.h</string>
			<key>path</key>
			<string>CounselorInfoViewController.h</string>
			<key>sourceTree</key>
			<string>&lt;group&gt;</string>
		</dict>
		<key>0945B1421E67E8BF005B7560</key>
		<dict>
			<key>fileEncoding</key>
			<string>4</string>
			<key>isa</key>
			<string>PBXFileReference</string>
			<key>lastKnownFileType</key>
			<string>sourcecode.c.objc</string>
			<key>path</key>
			<string>CounselorInfoViewController.m</string>
			<key>sourceTree</key>
			<string>&lt;group&gt;</string>
		</dict>
		<key>0945B1431E67E8BF005B7560</key>
		<dict>
			<key>fileEncoding</key>
			<string>4</string>
			<key>isa</key>
			<string>PBXFileReference</string>
			<key>lastKnownFileType</key>
			<string>file.xib</string>
			<key>path</key>
			<string>CounselorInfoViewController.xib</string>
			<key>sourceTree</key>
			<string>&lt;group&gt;</string>
		</dict>
		<key>0945B1441E67E8BF005B7560</key>
		<dict>
			<key>fileRef</key>
			<string>0945B1421E67E8BF005B7560</string>
			<key>isa</key>
			<string>PBXBuildFile</string>
		</dict>
		<key>0945B1451E67E8BF005B7560</key>
		<dict>
			<key>fileRef</key>
			<string>0945B1431E67E8BF005B7560</string>
			<key>isa</key>
			<string>PBXBuildFile</string>
		</dict>
		<key>0953C2151E514B5700FB165C</key>
		<dict>
			<key>children</key>
			<array>
				<string>0953C2201E514B5800FB165C</string>
				<string>0953C23A1E514B5800FB165C</string>
				<string>0953C2451E514B5900FB165C</string>
				<string>0953C21F1E514B5800FB165C</string>
				<string>17141F58EED1935B6AB46B35</string>
				<string>7C97B37F8435D00E98815F82</string>
			</array>
			<key>isa</key>
			<string>PBXGroup</string>
			<key>sourceTree</key>
			<string>&lt;group&gt;</string>
		</dict>
		<key>0953C2161E514B5700FB165C</key>
		<dict>
			<key>attributes</key>
			<dict>
				<key>LastUpgradeCheck</key>
				<string>0820</string>
				<key>ORGANIZATIONNAME</key>
				<string>J</string>
				<key>TargetAttributes</key>
				<dict>
					<key>0953C21D1E514B5700FB165C</key>
					<dict>
						<key>CreatedOnToolsVersion</key>
						<string>8.2.1</string>
						<key>DevelopmentTeam</key>
						<string>3FZ6X72MWM</string>
						<key>ProvisioningStyle</key>
						<string>Automatic</string>
					</dict>
					<key>0953C2361E514B5800FB165C</key>
					<dict>
						<key>CreatedOnToolsVersion</key>
						<string>8.2.1</string>
						<key>ProvisioningStyle</key>
						<string>Automatic</string>
						<key>TestTargetID</key>
						<string>0953C21D1E514B5700FB165C</string>
					</dict>
					<key>0953C2411E514B5900FB165C</key>
					<dict>
						<key>CreatedOnToolsVersion</key>
						<string>8.2.1</string>
						<key>ProvisioningStyle</key>
						<string>Automatic</string>
						<key>TestTargetID</key>
						<string>0953C21D1E514B5700FB165C</string>
					</dict>
				</dict>
			</dict>
			<key>buildConfigurationList</key>
			<string>0953C2191E514B5700FB165C</string>
			<key>compatibilityVersion</key>
			<string>Xcode 3.2</string>
			<key>developmentRegion</key>
			<string>English</string>
			<key>hasScannedForEncodings</key>
			<string>0</string>
			<key>isa</key>
			<string>PBXProject</string>
			<key>knownRegions</key>
			<array>
				<string>en</string>
				<string>Base</string>
			</array>
			<key>mainGroup</key>
			<string>0953C2151E514B5700FB165C</string>
			<key>productRefGroup</key>
			<string>0953C21F1E514B5800FB165C</string>
			<key>projectDirPath</key>
			<string></string>
			<key>projectReferences</key>
			<array/>
			<key>projectRoot</key>
			<string></string>
			<key>targets</key>
			<array>
				<string>0953C21D1E514B5700FB165C</string>
				<string>0953C2361E514B5800FB165C</string>
				<string>0953C2411E514B5900FB165C</string>
			</array>
		</dict>
		<key>0953C2191E514B5700FB165C</key>
		<dict>
			<key>buildConfigurations</key>
			<array>
				<string>0953C2491E514B5900FB165C</string>
				<string>0953C24A1E514B5900FB165C</string>
			</array>
			<key>defaultConfigurationIsVisible</key>
			<string>0</string>
			<key>defaultConfigurationName</key>
			<string>Release</string>
			<key>isa</key>
			<string>XCConfigurationList</string>
		</dict>
		<key>0953C21A1E514B5700FB165C</key>
		<dict>
			<key>buildActionMask</key>
			<string>2147483647</string>
			<key>files</key>
			<array>
				<string>77D2BF971E66B3D0000B9978</string>
				<string>0970CFF51E5180DF007480CB</string>
				<string>77D2BFA61E67D6A9000B9978</string>
				<string>0953C2291E514B5800FB165C</string>
				<string>77038DE81E63C3B50096C07D</string>
				<string>774DBC0C1E6420FC00B8798C</string>
				<string>0907339A1E65665A00F21E02</string>
				<string>0970CFF01E5180BF007480CB</string>
				<string>090733951E655B0600F21E02</string>
				<string>0953C2261E514B5800FB165C</string>
				<string>77DA5DCD1E666B92003FAE0C</string>
				<string>0953C2231E514B5800FB165C</string>
				<string>77D2BFA11E66C404000B9978</string>
				<string>0945B1441E67E8BF005B7560</string>
				<string>0970CFEC1E517EB8007480CB</string>
				<string>77038DE71E63C3B50096C07D</string>
			</array>
			<key>isa</key>
			<string>PBXSourcesBuildPhase</string>
			<key>runOnlyForDeploymentPostprocessing</key>
			<string>0</string>
		</dict>
		<key>0953C21B1E514B5700FB165C</key>
		<dict>
			<key>buildActionMask</key>
			<string>2147483647</string>
			<key>files</key>
			<array>
				<string>74FF12D34910C046FDF26AE9</string>
			</array>
			<key>isa</key>
			<string>PBXFrameworksBuildPhase</string>
			<key>runOnlyForDeploymentPostprocessing</key>
			<string>0</string>
		</dict>
		<key>0953C21C1E514B5700FB165C</key>
		<dict>
			<key>buildActionMask</key>
			<string>2147483647</string>
			<key>files</key>
			<array>
				<string>090733861E64105A00F21E02</string>
				<string>0953C2311E514B5800FB165C</string>
				<string>774DBC0F1E64212F00B8798C</string>
				<string>0970CFF11E5180BF007480CB</string>
				<string>0953C22E1E514B5800FB165C</string>
				<string>77D2BFA21E66C404000B9978</string>
				<string>0953C22C1E514B5800FB165C</string>
				<string>77038DFD1E63C9F20096C07D</string>
				<string>0907337B1E64105A00F21E02</string>
				<string>77038E031E63C9F20096C07D</string>
				<string>774DBC111E64214900B8798C</string>
				<string>0907337E1E64105A00F21E02</string>
				<string>77038DFE1E63C9F20096C07D</string>
				<string>090733841E64105A00F21E02</string>
				<string>0907337C1E64105A00F21E02</string>
				<string>0907337F1E64105A00F21E02</string>
				<string>77038DFA1E63C9F20096C07D</string>
				<string>77038E0D1E63CAAB0096C07D</string>
				<string>77D2BF981E66B3D0000B9978</string>
				<string>0945B1451E67E8BF005B7560</string>
				<string>0970CFF61E5180DF007480CB</string>
				<string>0945B13E1E67E7F2005B7560</string>
				<string>0945B1401E67E7F2005B7560</string>
				<string>77038E021E63C9F20096C07D</string>
				<string>77038DFB1E63C9F20096C07D</string>
				<string>090733891E64105A00F21E02</string>
				<string>090733851E64105A00F21E02</string>
				<string>0945B13F1E67E7F2005B7560</string>
				<string>77D2BF931E668D83000B9978</string>
				<string>77038DFF1E63C9F20096C07D</string>
				<string>0907337D1E64105A00F21E02</string>
				<string>090733881E64105A00F21E02</string>
				<string>774DBC0D1E6420FC00B8798C</string>
				<string>77D2BFA71E67D6A9000B9978</string>
				<string>090733801E64105A00F21E02</string>
				<string>0907338A1E64105A00F21E02</string>
				<string>77038E091E63CA960096C07D</string>
				<string>77038E001E63C9F20096C07D</string>
				<string>77038DFC1E63C9F20096C07D</string>
				<string>090733811E64105A00F21E02</string>
				<string>77038E0B1E63CA9E0096C07D</string>
				<string>090733961E655B0600F21E02</string>
				<string>77038E071E63CA8B0096C07D</string>
				<string>090733871E64105A00F21E02</string>
				<string>77038E041E63C9F20096C07D</string>
				<string>77038E011E63C9F20096C07D</string>
				<string>090733831E64105A00F21E02</string>
				<string>090733821E64105A00F21E02</string>
				<string>77D2BF9D1E66B93E000B9978</string>
				<string>77DA5DCE1E666B92003FAE0C</string>
				<string>0945B13D1E67E7F2005B7560</string>
				<string>77D2BF9B1E66B933000B9978</string>
			</array>
			<key>isa</key>
			<string>PBXResourcesBuildPhase</string>
			<key>runOnlyForDeploymentPostprocessing</key>
			<string>0</string>
		</dict>
		<key>0953C21D1E514B5700FB165C</key>
		<dict>
			<key>buildConfigurationList</key>
			<string>0953C24B1E514B5900FB165C</string>
			<key>buildPhases</key>
			<array>
				<string>7B2FECA90A757B4B87E408C0</string>
				<string>0953C21A1E514B5700FB165C</string>
				<string>0953C21B1E514B5700FB165C</string>
				<string>0953C21C1E514B5700FB165C</string>
				<string>1EC28928356EB4D43D36D7FF</string>
				<string>8E98826DB88D084D3D8BD428</string>
			</array>
			<key>buildRules</key>
			<array/>
			<key>dependencies</key>
			<array/>
			<key>isa</key>
			<string>PBXNativeTarget</string>
			<key>name</key>
			<string>letian</string>
			<key>productName</key>
			<string>letian</string>
			<key>productReference</key>
			<string>0953C21E1E514B5800FB165C</string>
			<key>productType</key>
			<string>com.apple.product-type.application</string>
		</dict>
		<key>0953C21E1E514B5800FB165C</key>
		<dict>
			<key>explicitFileType</key>
			<string>wrapper.application</string>
			<key>includeInIndex</key>
			<string>0</string>
			<key>isa</key>
			<string>PBXFileReference</string>
			<key>path</key>
			<string>letian.app</string>
			<key>sourceTree</key>
			<string>BUILT_PRODUCTS_DIR</string>
		</dict>
		<key>0953C21F1E514B5800FB165C</key>
		<dict>
			<key>children</key>
			<array>
				<string>0953C21E1E514B5800FB165C</string>
				<string>0953C2371E514B5800FB165C</string>
				<string>0953C2421E514B5900FB165C</string>
			</array>
			<key>isa</key>
			<string>PBXGroup</string>
			<key>name</key>
			<string>Products</string>
			<key>sourceTree</key>
			<string>&lt;group&gt;</string>
		</dict>
		<key>0953C2201E514B5800FB165C</key>
		<dict>
			<key>children</key>
			<array>
				<string>77DA5DC91E666B92003FAE0C</string>
				<string>77038DEB1E63C9F20096C07D</string>
				<string>77038DE91E63C49F0096C07D</string>
				<string>77038DE11E63C3B50096C07D</string>
				<string>0970CFDB1E515A92007480CB</string>
				<string>0970CFDD1E515A9E007480CB</string>
				<string>0970CFDC1E515A9E007480CB</string>
				<string>0953C2241E514B5800FB165C</string>
				<string>0953C2251E514B5800FB165C</string>
				<string>0953C2271E514B5800FB165C</string>
				<string>0953C2281E514B5800FB165C</string>
				<string>0953C22A1E514B5800FB165C</string>
				<string>0953C22D1E514B5800FB165C</string>
				<string>0953C22F1E514B5800FB165C</string>
				<string>0953C2321E514B5800FB165C</string>
				<string>0953C2211E514B5800FB165C</string>
			</array>
			<key>isa</key>
			<string>PBXGroup</string>
			<key>path</key>
			<string>letian</string>
			<key>sourceTree</key>
			<string>&lt;group&gt;</string>
		</dict>
		<key>0953C2211E514B5800FB165C</key>
		<dict>
			<key>children</key>
			<array>
				<string>0953C2221E514B5800FB165C</string>
				<string>77038DEA1E63C6590096C07D</string>
			</array>
			<key>isa</key>
			<string>PBXGroup</string>
			<key>name</key>
			<string>Supporting Files</string>
			<key>sourceTree</key>
			<string>&lt;group&gt;</string>
		</dict>
		<key>0953C2221E514B5800FB165C</key>
		<dict>
			<key>isa</key>
			<string>PBXFileReference</string>
			<key>lastKnownFileType</key>
			<string>sourcecode.c.objc</string>
			<key>path</key>
			<string>main.m</string>
			<key>sourceTree</key>
			<string>&lt;group&gt;</string>
		</dict>
		<key>0953C2231E514B5800FB165C</key>
		<dict>
			<key>fileRef</key>
			<string>0953C2221E514B5800FB165C</string>
			<key>isa</key>
			<string>PBXBuildFile</string>
		</dict>
		<key>0953C2241E514B5800FB165C</key>
		<dict>
			<key>isa</key>
			<string>PBXFileReference</string>
			<key>lastKnownFileType</key>
			<string>sourcecode.c.h</string>
			<key>path</key>
			<string>AppDelegate.h</string>
			<key>sourceTree</key>
			<string>&lt;group&gt;</string>
		</dict>
		<key>0953C2251E514B5800FB165C</key>
		<dict>
			<key>isa</key>
			<string>PBXFileReference</string>
			<key>lastKnownFileType</key>
			<string>sourcecode.c.objc</string>
			<key>path</key>
			<string>AppDelegate.m</string>
			<key>sourceTree</key>
			<string>&lt;group&gt;</string>
		</dict>
		<key>0953C2261E514B5800FB165C</key>
		<dict>
			<key>fileRef</key>
			<string>0953C2251E514B5800FB165C</string>
			<key>isa</key>
			<string>PBXBuildFile</string>
		</dict>
		<key>0953C2271E514B5800FB165C</key>
		<dict>
			<key>isa</key>
			<string>PBXFileReference</string>
			<key>lastKnownFileType</key>
			<string>sourcecode.c.h</string>
			<key>path</key>
			<string>ViewController.h</string>
			<key>sourceTree</key>
			<string>&lt;group&gt;</string>
		</dict>
		<key>0953C2281E514B5800FB165C</key>
		<dict>
			<key>isa</key>
			<string>PBXFileReference</string>
			<key>lastKnownFileType</key>
			<string>sourcecode.c.objc</string>
			<key>path</key>
			<string>ViewController.m</string>
			<key>sourceTree</key>
			<string>&lt;group&gt;</string>
		</dict>
		<key>0953C2291E514B5800FB165C</key>
		<dict>
			<key>fileRef</key>
			<string>0953C2281E514B5800FB165C</string>
			<key>isa</key>
			<string>PBXBuildFile</string>
		</dict>
		<key>0953C22A1E514B5800FB165C</key>
		<dict>
			<key>children</key>
			<array>
				<string>0953C22B1E514B5800FB165C</string>
			</array>
			<key>isa</key>
			<string>PBXVariantGroup</string>
			<key>name</key>
			<string>Main.storyboard</string>
			<key>sourceTree</key>
			<string>&lt;group&gt;</string>
		</dict>
		<key>0953C22B1E514B5800FB165C</key>
		<dict>
			<key>isa</key>
			<string>PBXFileReference</string>
			<key>lastKnownFileType</key>
			<string>file.storyboard</string>
			<key>name</key>
			<string>Base</string>
			<key>path</key>
			<string>Base.lproj/Main.storyboard</string>
			<key>sourceTree</key>
			<string>&lt;group&gt;</string>
		</dict>
		<key>0953C22C1E514B5800FB165C</key>
		<dict>
			<key>fileRef</key>
			<string>0953C22A1E514B5800FB165C</string>
			<key>isa</key>
			<string>PBXBuildFile</string>
		</dict>
		<key>0953C22D1E514B5800FB165C</key>
		<dict>
			<key>isa</key>
			<string>PBXFileReference</string>
			<key>lastKnownFileType</key>
			<string>folder.assetcatalog</string>
			<key>path</key>
			<string>Assets.xcassets</string>
			<key>sourceTree</key>
			<string>&lt;group&gt;</string>
		</dict>
		<key>0953C22E1E514B5800FB165C</key>
		<dict>
			<key>fileRef</key>
			<string>0953C22D1E514B5800FB165C</string>
			<key>isa</key>
			<string>PBXBuildFile</string>
		</dict>
		<key>0953C22F1E514B5800FB165C</key>
		<dict>
			<key>children</key>
			<array>
				<string>0953C2301E514B5800FB165C</string>
			</array>
			<key>isa</key>
			<string>PBXVariantGroup</string>
			<key>name</key>
			<string>LaunchScreen.storyboard</string>
			<key>sourceTree</key>
			<string>&lt;group&gt;</string>
		</dict>
		<key>0953C2301E514B5800FB165C</key>
		<dict>
			<key>isa</key>
			<string>PBXFileReference</string>
			<key>lastKnownFileType</key>
			<string>file.storyboard</string>
			<key>name</key>
			<string>Base</string>
			<key>path</key>
			<string>Base.lproj/LaunchScreen.storyboard</string>
			<key>sourceTree</key>
			<string>&lt;group&gt;</string>
		</dict>
		<key>0953C2311E514B5800FB165C</key>
		<dict>
			<key>fileRef</key>
			<string>0953C22F1E514B5800FB165C</string>
			<key>isa</key>
			<string>PBXBuildFile</string>
		</dict>
		<key>0953C2321E514B5800FB165C</key>
		<dict>
			<key>isa</key>
			<string>PBXFileReference</string>
			<key>lastKnownFileType</key>
			<string>text.plist.xml</string>
			<key>path</key>
			<string>Info.plist</string>
			<key>sourceTree</key>
			<string>&lt;group&gt;</string>
		</dict>
		<key>0953C2331E514B5800FB165C</key>
		<dict>
			<key>buildActionMask</key>
			<string>2147483647</string>
			<key>files</key>
			<array>
				<string>0953C23C1E514B5800FB165C</string>
			</array>
			<key>isa</key>
			<string>PBXSourcesBuildPhase</string>
			<key>runOnlyForDeploymentPostprocessing</key>
			<string>0</string>
		</dict>
		<key>0953C2341E514B5800FB165C</key>
		<dict>
			<key>buildActionMask</key>
			<string>2147483647</string>
			<key>files</key>
			<array/>
			<key>isa</key>
			<string>PBXFrameworksBuildPhase</string>
			<key>runOnlyForDeploymentPostprocessing</key>
			<string>0</string>
		</dict>
		<key>0953C2351E514B5800FB165C</key>
		<dict>
			<key>buildActionMask</key>
			<string>2147483647</string>
			<key>files</key>
			<array/>
			<key>isa</key>
			<string>PBXResourcesBuildPhase</string>
			<key>runOnlyForDeploymentPostprocessing</key>
			<string>0</string>
		</dict>
		<key>0953C2361E514B5800FB165C</key>
		<dict>
			<key>buildConfigurationList</key>
			<string>0953C24E1E514B5900FB165C</string>
			<key>buildPhases</key>
			<array>
				<string>0953C2331E514B5800FB165C</string>
				<string>0953C2341E514B5800FB165C</string>
				<string>0953C2351E514B5800FB165C</string>
			</array>
			<key>buildRules</key>
			<array/>
			<key>dependencies</key>
			<array>
				<string>0953C2391E514B5800FB165C</string>
			</array>
			<key>isa</key>
			<string>PBXNativeTarget</string>
			<key>name</key>
			<string>letianTests</string>
			<key>productName</key>
			<string>letianTests</string>
			<key>productReference</key>
			<string>0953C2371E514B5800FB165C</string>
			<key>productType</key>
			<string>com.apple.product-type.bundle.unit-test</string>
		</dict>
		<key>0953C2371E514B5800FB165C</key>
		<dict>
			<key>explicitFileType</key>
			<string>wrapper.cfbundle</string>
			<key>includeInIndex</key>
			<string>0</string>
			<key>isa</key>
			<string>PBXFileReference</string>
			<key>path</key>
			<string>letianTests.xctest</string>
			<key>sourceTree</key>
			<string>BUILT_PRODUCTS_DIR</string>
		</dict>
		<key>0953C2381E514B5800FB165C</key>
		<dict>
			<key>containerPortal</key>
			<string>0953C2161E514B5700FB165C</string>
			<key>isa</key>
			<string>PBXContainerItemProxy</string>
			<key>proxyType</key>
			<string>1</string>
			<key>remoteGlobalIDString</key>
			<string>0953C21D1E514B5700FB165C</string>
			<key>remoteInfo</key>
			<string>letian</string>
		</dict>
		<key>0953C2391E514B5800FB165C</key>
		<dict>
			<key>isa</key>
			<string>PBXTargetDependency</string>
			<key>target</key>
			<string>0953C21D1E514B5700FB165C</string>
			<key>targetProxy</key>
			<string>0953C2381E514B5800FB165C</string>
		</dict>
		<key>0953C23A1E514B5800FB165C</key>
		<dict>
			<key>children</key>
			<array>
				<string>0953C23B1E514B5800FB165C</string>
				<string>0953C23D1E514B5900FB165C</string>
			</array>
			<key>isa</key>
			<string>PBXGroup</string>
			<key>path</key>
			<string>letianTests</string>
			<key>sourceTree</key>
			<string>&lt;group&gt;</string>
		</dict>
		<key>0953C23B1E514B5800FB165C</key>
		<dict>
			<key>isa</key>
			<string>PBXFileReference</string>
			<key>lastKnownFileType</key>
			<string>sourcecode.c.objc</string>
			<key>path</key>
			<string>letianTests.m</string>
			<key>sourceTree</key>
			<string>&lt;group&gt;</string>
		</dict>
		<key>0953C23C1E514B5800FB165C</key>
		<dict>
			<key>fileRef</key>
			<string>0953C23B1E514B5800FB165C</string>
			<key>isa</key>
			<string>PBXBuildFile</string>
		</dict>
		<key>0953C23D1E514B5900FB165C</key>
		<dict>
			<key>isa</key>
			<string>PBXFileReference</string>
			<key>lastKnownFileType</key>
			<string>text.plist.xml</string>
			<key>path</key>
			<string>Info.plist</string>
			<key>sourceTree</key>
			<string>&lt;group&gt;</string>
		</dict>
		<key>0953C23E1E514B5900FB165C</key>
		<dict>
			<key>buildActionMask</key>
			<string>2147483647</string>
			<key>files</key>
			<array>
				<string>0953C2471E514B5900FB165C</string>
			</array>
			<key>isa</key>
			<string>PBXSourcesBuildPhase</string>
			<key>runOnlyForDeploymentPostprocessing</key>
			<string>0</string>
		</dict>
		<key>0953C23F1E514B5900FB165C</key>
		<dict>
			<key>buildActionMask</key>
			<string>2147483647</string>
			<key>files</key>
			<array/>
			<key>isa</key>
			<string>PBXFrameworksBuildPhase</string>
			<key>runOnlyForDeploymentPostprocessing</key>
			<string>0</string>
		</dict>
		<key>0953C2401E514B5900FB165C</key>
		<dict>
			<key>buildActionMask</key>
			<string>2147483647</string>
			<key>files</key>
			<array/>
			<key>isa</key>
			<string>PBXResourcesBuildPhase</string>
			<key>runOnlyForDeploymentPostprocessing</key>
			<string>0</string>
		</dict>
		<key>0953C2411E514B5900FB165C</key>
		<dict>
			<key>buildConfigurationList</key>
			<string>0953C2511E514B5900FB165C</string>
			<key>buildPhases</key>
			<array>
				<string>0953C23E1E514B5900FB165C</string>
				<string>0953C23F1E514B5900FB165C</string>
				<string>0953C2401E514B5900FB165C</string>
			</array>
			<key>buildRules</key>
			<array/>
			<key>dependencies</key>
			<array>
				<string>0953C2441E514B5900FB165C</string>
			</array>
			<key>isa</key>
			<string>PBXNativeTarget</string>
			<key>name</key>
			<string>letianUITests</string>
			<key>productName</key>
			<string>letianUITests</string>
			<key>productReference</key>
			<string>0953C2421E514B5900FB165C</string>
			<key>productType</key>
			<string>com.apple.product-type.bundle.ui-testing</string>
		</dict>
		<key>0953C2421E514B5900FB165C</key>
		<dict>
			<key>explicitFileType</key>
			<string>wrapper.cfbundle</string>
			<key>includeInIndex</key>
			<string>0</string>
			<key>isa</key>
			<string>PBXFileReference</string>
			<key>path</key>
			<string>letianUITests.xctest</string>
			<key>sourceTree</key>
			<string>BUILT_PRODUCTS_DIR</string>
		</dict>
		<key>0953C2431E514B5900FB165C</key>
		<dict>
			<key>containerPortal</key>
			<string>0953C2161E514B5700FB165C</string>
			<key>isa</key>
			<string>PBXContainerItemProxy</string>
			<key>proxyType</key>
			<string>1</string>
			<key>remoteGlobalIDString</key>
			<string>0953C21D1E514B5700FB165C</string>
			<key>remoteInfo</key>
			<string>letian</string>
		</dict>
		<key>0953C2441E514B5900FB165C</key>
		<dict>
			<key>isa</key>
			<string>PBXTargetDependency</string>
			<key>target</key>
			<string>0953C21D1E514B5700FB165C</string>
			<key>targetProxy</key>
			<string>0953C2431E514B5900FB165C</string>
		</dict>
		<key>0953C2451E514B5900FB165C</key>
		<dict>
			<key>children</key>
			<array>
				<string>0953C2461E514B5900FB165C</string>
				<string>0953C2481E514B5900FB165C</string>
			</array>
			<key>isa</key>
			<string>PBXGroup</string>
			<key>path</key>
			<string>letianUITests</string>
			<key>sourceTree</key>
			<string>&lt;group&gt;</string>
		</dict>
		<key>0953C2461E514B5900FB165C</key>
		<dict>
			<key>isa</key>
			<string>PBXFileReference</string>
			<key>lastKnownFileType</key>
			<string>sourcecode.c.objc</string>
			<key>path</key>
			<string>letianUITests.m</string>
			<key>sourceTree</key>
			<string>&lt;group&gt;</string>
		</dict>
		<key>0953C2471E514B5900FB165C</key>
		<dict>
			<key>fileRef</key>
			<string>0953C2461E514B5900FB165C</string>
			<key>isa</key>
			<string>PBXBuildFile</string>
		</dict>
		<key>0953C2481E514B5900FB165C</key>
		<dict>
			<key>isa</key>
			<string>PBXFileReference</string>
			<key>lastKnownFileType</key>
			<string>text.plist.xml</string>
			<key>path</key>
			<string>Info.plist</string>
			<key>sourceTree</key>
			<string>&lt;group&gt;</string>
		</dict>
		<key>0953C2491E514B5900FB165C</key>
		<dict>
			<key>buildSettings</key>
			<dict>
				<key>ALWAYS_SEARCH_USER_PATHS</key>
				<string>NO</string>
				<key>CLANG_ANALYZER_NONNULL</key>
				<string>YES</string>
				<key>CLANG_CXX_LANGUAGE_STANDARD</key>
				<string>gnu++0x</string>
				<key>CLANG_CXX_LIBRARY</key>
				<string>libc++</string>
				<key>CLANG_ENABLE_MODULES</key>
				<string>YES</string>
				<key>CLANG_ENABLE_OBJC_ARC</key>
				<string>YES</string>
				<key>CLANG_WARN_BOOL_CONVERSION</key>
				<string>YES</string>
				<key>CLANG_WARN_CONSTANT_CONVERSION</key>
				<string>YES</string>
				<key>CLANG_WARN_DIRECT_OBJC_ISA_USAGE</key>
				<string>YES_ERROR</string>
				<key>CLANG_WARN_DOCUMENTATION_COMMENTS</key>
				<string>YES</string>
				<key>CLANG_WARN_EMPTY_BODY</key>
				<string>YES</string>
				<key>CLANG_WARN_ENUM_CONVERSION</key>
				<string>YES</string>
				<key>CLANG_WARN_INFINITE_RECURSION</key>
				<string>YES</string>
				<key>CLANG_WARN_INT_CONVERSION</key>
				<string>YES</string>
				<key>CLANG_WARN_OBJC_ROOT_CLASS</key>
				<string>YES_ERROR</string>
				<key>CLANG_WARN_SUSPICIOUS_MOVE</key>
				<string>YES</string>
				<key>CLANG_WARN_UNREACHABLE_CODE</key>
				<string>YES</string>
				<key>CLANG_WARN__DUPLICATE_METHOD_MATCH</key>
				<string>YES</string>
				<key>CODE_SIGN_IDENTITY[sdk=iphoneos*]</key>
				<string>iPhone Developer</string>
				<key>COPY_PHASE_STRIP</key>
				<string>NO</string>
				<key>DEBUG_INFORMATION_FORMAT</key>
				<string>dwarf</string>
				<key>ENABLE_STRICT_OBJC_MSGSEND</key>
				<string>YES</string>
				<key>ENABLE_TESTABILITY</key>
				<string>YES</string>
				<key>GCC_C_LANGUAGE_STANDARD</key>
				<string>gnu99</string>
				<key>GCC_DYNAMIC_NO_PIC</key>
				<string>NO</string>
				<key>GCC_NO_COMMON_BLOCKS</key>
				<string>YES</string>
				<key>GCC_OPTIMIZATION_LEVEL</key>
				<string>0</string>
				<key>GCC_PREPROCESSOR_DEFINITIONS</key>
				<array>
					<string>DEBUG=1</string>
					<string>$(inherited)</string>
				</array>
				<key>GCC_WARN_64_TO_32_BIT_CONVERSION</key>
				<string>YES</string>
				<key>GCC_WARN_ABOUT_RETURN_TYPE</key>
				<string>YES_ERROR</string>
				<key>GCC_WARN_UNDECLARED_SELECTOR</key>
				<string>YES</string>
				<key>GCC_WARN_UNINITIALIZED_AUTOS</key>
				<string>YES_AGGRESSIVE</string>
				<key>GCC_WARN_UNUSED_FUNCTION</key>
				<string>YES</string>
				<key>GCC_WARN_UNUSED_VARIABLE</key>
				<string>YES</string>
				<key>IPHONEOS_DEPLOYMENT_TARGET</key>
				<string>10.2</string>
				<key>MTL_ENABLE_DEBUG_INFO</key>
				<string>YES</string>
				<key>ONLY_ACTIVE_ARCH</key>
				<string>YES</string>
				<key>SDKROOT</key>
				<string>iphoneos</string>
				<key>TARGETED_DEVICE_FAMILY</key>
				<string>1,2</string>
			</dict>
			<key>isa</key>
			<string>XCBuildConfiguration</string>
			<key>name</key>
			<string>Debug</string>
		</dict>
		<key>0953C24A1E514B5900FB165C</key>
		<dict>
			<key>buildSettings</key>
			<dict>
				<key>ALWAYS_SEARCH_USER_PATHS</key>
				<string>NO</string>
				<key>CLANG_ANALYZER_NONNULL</key>
				<string>YES</string>
				<key>CLANG_CXX_LANGUAGE_STANDARD</key>
				<string>gnu++0x</string>
				<key>CLANG_CXX_LIBRARY</key>
				<string>libc++</string>
				<key>CLANG_ENABLE_MODULES</key>
				<string>YES</string>
				<key>CLANG_ENABLE_OBJC_ARC</key>
				<string>YES</string>
				<key>CLANG_WARN_BOOL_CONVERSION</key>
				<string>YES</string>
				<key>CLANG_WARN_CONSTANT_CONVERSION</key>
				<string>YES</string>
				<key>CLANG_WARN_DIRECT_OBJC_ISA_USAGE</key>
				<string>YES_ERROR</string>
				<key>CLANG_WARN_DOCUMENTATION_COMMENTS</key>
				<string>YES</string>
				<key>CLANG_WARN_EMPTY_BODY</key>
				<string>YES</string>
				<key>CLANG_WARN_ENUM_CONVERSION</key>
				<string>YES</string>
				<key>CLANG_WARN_INFINITE_RECURSION</key>
				<string>YES</string>
				<key>CLANG_WARN_INT_CONVERSION</key>
				<string>YES</string>
				<key>CLANG_WARN_OBJC_ROOT_CLASS</key>
				<string>YES_ERROR</string>
				<key>CLANG_WARN_SUSPICIOUS_MOVE</key>
				<string>YES</string>
				<key>CLANG_WARN_UNREACHABLE_CODE</key>
				<string>YES</string>
				<key>CLANG_WARN__DUPLICATE_METHOD_MATCH</key>
				<string>YES</string>
				<key>CODE_SIGN_IDENTITY[sdk=iphoneos*]</key>
				<string>iPhone Developer</string>
				<key>COPY_PHASE_STRIP</key>
				<string>NO</string>
				<key>DEBUG_INFORMATION_FORMAT</key>
				<string>dwarf-with-dsym</string>
				<key>ENABLE_NS_ASSERTIONS</key>
				<string>NO</string>
				<key>ENABLE_STRICT_OBJC_MSGSEND</key>
				<string>YES</string>
				<key>GCC_C_LANGUAGE_STANDARD</key>
				<string>gnu99</string>
				<key>GCC_NO_COMMON_BLOCKS</key>
				<string>YES</string>
				<key>GCC_WARN_64_TO_32_BIT_CONVERSION</key>
				<string>YES</string>
				<key>GCC_WARN_ABOUT_RETURN_TYPE</key>
				<string>YES_ERROR</string>
				<key>GCC_WARN_UNDECLARED_SELECTOR</key>
				<string>YES</string>
				<key>GCC_WARN_UNINITIALIZED_AUTOS</key>
				<string>YES_AGGRESSIVE</string>
				<key>GCC_WARN_UNUSED_FUNCTION</key>
				<string>YES</string>
				<key>GCC_WARN_UNUSED_VARIABLE</key>
				<string>YES</string>
				<key>IPHONEOS_DEPLOYMENT_TARGET</key>
				<string>10.2</string>
				<key>MTL_ENABLE_DEBUG_INFO</key>
				<string>NO</string>
				<key>SDKROOT</key>
				<string>iphoneos</string>
				<key>TARGETED_DEVICE_FAMILY</key>
				<string>1,2</string>
				<key>VALIDATE_PRODUCT</key>
				<string>YES</string>
			</dict>
			<key>isa</key>
			<string>XCBuildConfiguration</string>
			<key>name</key>
			<string>Release</string>
		</dict>
		<key>0953C24B1E514B5900FB165C</key>
		<dict>
			<key>buildConfigurations</key>
			<array>
				<string>0953C24C1E514B5900FB165C</string>
				<string>0953C24D1E514B5900FB165C</string>
			</array>
			<key>defaultConfigurationIsVisible</key>
			<string>0</string>
			<key>defaultConfigurationName</key>
			<string>Release</string>
			<key>isa</key>
			<string>XCConfigurationList</string>
		</dict>
		<key>0953C24C1E514B5900FB165C</key>
		<dict>
			<key>baseConfigurationReference</key>
			<string>F8550220C06BB0D4BA36D36F</string>
			<key>buildSettings</key>
			<dict>
				<key>ASSETCATALOG_COMPILER_APPICON_NAME</key>
				<string>AppIcon</string>
				<key>DEVELOPMENT_TEAM</key>
				<string>3FZ6X72MWM</string>
				<key>GCC_PRECOMPILE_PREFIX_HEADER</key>
				<string>YES</string>
				<key>GCC_PREFIX_HEADER</key>
				<string>$(SRCROOT)/letian/PrefixHeader.pch</string>
				<key>INFOPLIST_FILE</key>
				<string>letian/Info.plist</string>
				<key>LD_RUNPATH_SEARCH_PATHS</key>
				<string>$(inherited) @executable_path/Frameworks</string>
				<key>PRODUCT_BUNDLE_IDENTIFIER</key>
				<string>J.letian</string>
				<key>PRODUCT_NAME</key>
				<string>$(TARGET_NAME)</string>
			</dict>
			<key>isa</key>
			<string>XCBuildConfiguration</string>
			<key>name</key>
			<string>Debug</string>
		</dict>
		<key>0953C24D1E514B5900FB165C</key>
		<dict>
			<key>baseConfigurationReference</key>
			<string>7DE455D051C315B06E3F4C61</string>
			<key>buildSettings</key>
			<dict>
				<key>ASSETCATALOG_COMPILER_APPICON_NAME</key>
				<string>AppIcon</string>
				<key>DEVELOPMENT_TEAM</key>
				<string>3FZ6X72MWM</string>
				<key>GCC_PRECOMPILE_PREFIX_HEADER</key>
				<string>YES</string>
				<key>GCC_PREFIX_HEADER</key>
				<string>$(SRCROOT)/letian/PrefixHeader.pch</string>
				<key>INFOPLIST_FILE</key>
				<string>letian/Info.plist</string>
				<key>LD_RUNPATH_SEARCH_PATHS</key>
				<string>$(inherited) @executable_path/Frameworks</string>
				<key>PRODUCT_BUNDLE_IDENTIFIER</key>
				<string>J.letian</string>
				<key>PRODUCT_NAME</key>
				<string>$(TARGET_NAME)</string>
			</dict>
			<key>isa</key>
			<string>XCBuildConfiguration</string>
			<key>name</key>
			<string>Release</string>
		</dict>
		<key>0953C24E1E514B5900FB165C</key>
		<dict>
			<key>buildConfigurations</key>
			<array>
				<string>0953C24F1E514B5900FB165C</string>
				<string>0953C2501E514B5900FB165C</string>
			</array>
			<key>defaultConfigurationIsVisible</key>
			<string>0</string>
			<key>defaultConfigurationName</key>
			<string>Release</string>
			<key>isa</key>
			<string>XCConfigurationList</string>
		</dict>
		<key>0953C24F1E514B5900FB165C</key>
		<dict>
			<key>buildSettings</key>
			<dict>
				<key>BUNDLE_LOADER</key>
				<string>$(TEST_HOST)</string>
				<key>INFOPLIST_FILE</key>
				<string>letianTests/Info.plist</string>
				<key>LD_RUNPATH_SEARCH_PATHS</key>
				<string>$(inherited) @executable_path/Frameworks @loader_path/Frameworks</string>
				<key>PRODUCT_BUNDLE_IDENTIFIER</key>
				<string>J.letianTests</string>
				<key>PRODUCT_NAME</key>
				<string>$(TARGET_NAME)</string>
				<key>TEST_HOST</key>
				<string>$(BUILT_PRODUCTS_DIR)/letian.app/letian</string>
			</dict>
			<key>isa</key>
			<string>XCBuildConfiguration</string>
			<key>name</key>
			<string>Debug</string>
		</dict>
		<key>0953C2501E514B5900FB165C</key>
		<dict>
			<key>buildSettings</key>
			<dict>
				<key>BUNDLE_LOADER</key>
				<string>$(TEST_HOST)</string>
				<key>INFOPLIST_FILE</key>
				<string>letianTests/Info.plist</string>
				<key>LD_RUNPATH_SEARCH_PATHS</key>
				<string>$(inherited) @executable_path/Frameworks @loader_path/Frameworks</string>
				<key>PRODUCT_BUNDLE_IDENTIFIER</key>
				<string>J.letianTests</string>
				<key>PRODUCT_NAME</key>
				<string>$(TARGET_NAME)</string>
				<key>TEST_HOST</key>
				<string>$(BUILT_PRODUCTS_DIR)/letian.app/letian</string>
			</dict>
			<key>isa</key>
			<string>XCBuildConfiguration</string>
			<key>name</key>
			<string>Release</string>
		</dict>
		<key>0953C2511E514B5900FB165C</key>
		<dict>
			<key>buildConfigurations</key>
			<array>
				<string>0953C2521E514B5900FB165C</string>
				<string>0953C2531E514B5900FB165C</string>
			</array>
			<key>defaultConfigurationIsVisible</key>
			<string>0</string>
			<key>defaultConfigurationName</key>
			<string>Release</string>
			<key>isa</key>
			<string>XCConfigurationList</string>
		</dict>
		<key>0953C2521E514B5900FB165C</key>
		<dict>
			<key>buildSettings</key>
			<dict>
				<key>INFOPLIST_FILE</key>
				<string>letianUITests/Info.plist</string>
				<key>LD_RUNPATH_SEARCH_PATHS</key>
				<string>$(inherited) @executable_path/Frameworks @loader_path/Frameworks</string>
				<key>PRODUCT_BUNDLE_IDENTIFIER</key>
				<string>J.letianUITests</string>
				<key>PRODUCT_NAME</key>
				<string>$(TARGET_NAME)</string>
				<key>TEST_TARGET_NAME</key>
				<string>letian</string>
			</dict>
			<key>isa</key>
			<string>XCBuildConfiguration</string>
			<key>name</key>
			<string>Debug</string>
		</dict>
		<key>0953C2531E514B5900FB165C</key>
		<dict>
			<key>buildSettings</key>
			<dict>
				<key>INFOPLIST_FILE</key>
				<string>letianUITests/Info.plist</string>
				<key>LD_RUNPATH_SEARCH_PATHS</key>
				<string>$(inherited) @executable_path/Frameworks @loader_path/Frameworks</string>
				<key>PRODUCT_BUNDLE_IDENTIFIER</key>
				<string>J.letianUITests</string>
				<key>PRODUCT_NAME</key>
				<string>$(TARGET_NAME)</string>
				<key>TEST_TARGET_NAME</key>
				<string>letian</string>
			</dict>
			<key>isa</key>
			<string>XCBuildConfiguration</string>
			<key>name</key>
			<string>Release</string>
		</dict>
		<key>0970CFDB1E515A92007480CB</key>
		<dict>
			<key>children</key>
			<array>
				<string>0970CFDE1E517C30007480CB</string>
				<string>0970CFDF1E517C30007480CB</string>
				<string>0970CFE01E517C30007480CB</string>
			</array>
			<key>isa</key>
			<string>PBXGroup</string>
			<key>path</key>
			<string>first</string>
			<key>sourceTree</key>
			<string>&lt;group&gt;</string>
		</dict>
		<key>0970CFDC1E515A9E007480CB</key>
		<dict>
			<key>children</key>
			<array>
				<string>0970CFE71E517D3E007480CB</string>
				<string>0970CFE81E517D3E007480CB</string>
				<string>0970CFE91E517D3E007480CB</string>
			</array>
			<key>isa</key>
			<string>PBXGroup</string>
			<key>path</key>
			<string>my</string>
			<key>sourceTree</key>
			<string>&lt;group&gt;</string>
		</dict>
		<key>0970CFDD1E515A9E007480CB</key>
		<dict>
			<key>children</key>
			<array>
				<string>090733901E655A7B00F21E02</string>
				<string>090733911E655A7B00F21E02</string>
				<string>0970CFE41E517CA6007480CB</string>
			</array>
			<key>isa</key>
			<string>PBXGroup</string>
			<key>path</key>
			<string>consult</string>
			<key>sourceTree</key>
			<string>&lt;group&gt;</string>
		</dict>
		<key>0970CFDE1E517C30007480CB</key>
		<dict>
			<key>children</key>
			<array>
				<string>0970CFEA1E517EB8007480CB</string>
				<string>0970CFEB1E517EB8007480CB</string>
			</array>
			<key>isa</key>
			<string>PBXGroup</string>
			<key>path</key>
			<string>controller</string>
			<key>sourceTree</key>
			<string>&lt;group&gt;</string>
		</dict>
		<key>0970CFDF1E517C30007480CB</key>
		<dict>
			<key>children</key>
			<array>
				<string>774DBC091E6420FC00B8798C</string>
				<string>774DBC0A1E6420FC00B8798C</string>
				<string>774DBC0B1E6420FC00B8798C</string>
			</array>
			<key>isa</key>
			<string>PBXGroup</string>
			<key>path</key>
			<string>view</string>
			<key>sourceTree</key>
			<string>&lt;group&gt;</string>
		</dict>
		<key>0970CFE01E517C30007480CB</key>
		<dict>
			<key>children</key>
			<array/>
			<key>isa</key>
			<string>PBXGroup</string>
			<key>path</key>
			<string>model</string>
			<key>sourceTree</key>
			<string>&lt;group&gt;</string>
		</dict>
		<key>0970CFE41E517CA6007480CB</key>
		<dict>
			<key>children</key>
			<array>
				<string>0970CFED1E5180BF007480CB</string>
				<string>0970CFEE1E5180BF007480CB</string>
				<string>0970CFEF1E5180BF007480CB</string>
				<string>0945B1411E67E8BF005B7560</string>
				<string>0945B1421E67E8BF005B7560</string>
				<string>0945B1431E67E8BF005B7560</string>
			</array>
			<key>isa</key>
			<string>PBXGroup</string>
			<key>path</key>
			<string>controller</string>
			<key>sourceTree</key>
			<string>&lt;group&gt;</string>
		</dict>
		<key>0970CFE71E517D3E007480CB</key>
		<dict>
			<key>children</key>
			<array>
				<string>0970CFF21E5180DF007480CB</string>
				<string>0970CFF31E5180DF007480CB</string>
				<string>0970CFF41E5180DF007480CB</string>
			</array>
			<key>isa</key>
			<string>PBXGroup</string>
			<key>path</key>
			<string>controller</string>
			<key>sourceTree</key>
			<string>&lt;group&gt;</string>
		</dict>
		<key>0970CFE81E517D3E007480CB</key>
		<dict>
			<key>children</key>
			<array/>
			<key>isa</key>
			<string>PBXGroup</string>
			<key>path</key>
			<string>model</string>
			<key>sourceTree</key>
			<string>&lt;group&gt;</string>
		</dict>
		<key>0970CFE91E517D3E007480CB</key>
		<dict>
			<key>children</key>
			<array/>
			<key>isa</key>
			<string>PBXGroup</string>
			<key>path</key>
			<string>view</string>
			<key>sourceTree</key>
			<string>&lt;group&gt;</string>
		</dict>
		<key>0970CFEA1E517EB8007480CB</key>
		<dict>
			<key>fileEncoding</key>
			<string>4</string>
			<key>isa</key>
			<string>PBXFileReference</string>
			<key>lastKnownFileType</key>
			<string>sourcecode.c.h</string>
			<key>path</key>
			<string>FirstViewController.h</string>
			<key>sourceTree</key>
			<string>&lt;group&gt;</string>
		</dict>
		<key>0970CFEB1E517EB8007480CB</key>
		<dict>
			<key>fileEncoding</key>
			<string>4</string>
			<key>isa</key>
			<string>PBXFileReference</string>
			<key>lastKnownFileType</key>
			<string>sourcecode.c.objc</string>
			<key>path</key>
			<string>FirstViewController.m</string>
			<key>sourceTree</key>
			<string>&lt;group&gt;</string>
		</dict>
		<key>0970CFEC1E517EB8007480CB</key>
		<dict>
			<key>fileRef</key>
			<string>0970CFEB1E517EB8007480CB</string>
			<key>isa</key>
			<string>PBXBuildFile</string>
		</dict>
		<key>0970CFED1E5180BF007480CB</key>
		<dict>
			<key>fileEncoding</key>
			<string>4</string>
			<key>isa</key>
			<string>PBXFileReference</string>
			<key>lastKnownFileType</key>
			<string>sourcecode.c.h</string>
			<key>path</key>
			<string>ConsultViewController.h</string>
			<key>sourceTree</key>
			<string>&lt;group&gt;</string>
		</dict>
		<key>0970CFEE1E5180BF007480CB</key>
		<dict>
			<key>fileEncoding</key>
			<string>4</string>
			<key>isa</key>
			<string>PBXFileReference</string>
			<key>lastKnownFileType</key>
			<string>sourcecode.c.objc</string>
			<key>path</key>
			<string>ConsultViewController.m</string>
			<key>sourceTree</key>
			<string>&lt;group&gt;</string>
		</dict>
		<key>0970CFEF1E5180BF007480CB</key>
		<dict>
			<key>fileEncoding</key>
			<string>4</string>
			<key>isa</key>
			<string>PBXFileReference</string>
			<key>lastKnownFileType</key>
			<string>file.xib</string>
			<key>path</key>
			<string>ConsultViewController.xib</string>
			<key>sourceTree</key>
			<string>&lt;group&gt;</string>
		</dict>
		<key>0970CFF01E5180BF007480CB</key>
		<dict>
			<key>fileRef</key>
			<string>0970CFEE1E5180BF007480CB</string>
			<key>isa</key>
			<string>PBXBuildFile</string>
		</dict>
		<key>0970CFF11E5180BF007480CB</key>
		<dict>
			<key>fileRef</key>
			<string>0970CFEF1E5180BF007480CB</string>
			<key>isa</key>
			<string>PBXBuildFile</string>
		</dict>
		<key>0970CFF21E5180DF007480CB</key>
		<dict>
			<key>fileEncoding</key>
			<string>4</string>
			<key>isa</key>
			<string>PBXFileReference</string>
			<key>lastKnownFileType</key>
			<string>sourcecode.c.h</string>
			<key>path</key>
			<string>MyViewController.h</string>
			<key>sourceTree</key>
			<string>&lt;group&gt;</string>
		</dict>
		<key>0970CFF31E5180DF007480CB</key>
		<dict>
			<key>fileEncoding</key>
			<string>4</string>
			<key>isa</key>
			<string>PBXFileReference</string>
			<key>lastKnownFileType</key>
			<string>sourcecode.c.objc</string>
			<key>path</key>
			<string>MyViewController.m</string>
			<key>sourceTree</key>
			<string>&lt;group&gt;</string>
		</dict>
		<key>0970CFF41E5180DF007480CB</key>
		<dict>
			<key>fileEncoding</key>
			<string>4</string>
			<key>isa</key>
			<string>PBXFileReference</string>
			<key>lastKnownFileType</key>
			<string>file.xib</string>
			<key>path</key>
			<string>MyViewController.xib</string>
			<key>sourceTree</key>
			<string>&lt;group&gt;</string>
		</dict>
		<key>0970CFF51E5180DF007480CB</key>
		<dict>
			<key>fileRef</key>
			<string>0970CFF31E5180DF007480CB</string>
			<key>isa</key>
			<string>PBXBuildFile</string>
		</dict>
		<key>0970CFF61E5180DF007480CB</key>
		<dict>
			<key>fileRef</key>
			<string>0970CFF41E5180DF007480CB</string>
			<key>isa</key>
			<string>PBXBuildFile</string>
		</dict>
		<key>17141F58EED1935B6AB46B35</key>
		<dict>
			<key>children</key>
			<array>
				<string>F8550220C06BB0D4BA36D36F</string>
				<string>7DE455D051C315B06E3F4C61</string>
			</array>
			<key>isa</key>
			<string>PBXGroup</string>
			<key>name</key>
			<string>Pods</string>
			<key>sourceTree</key>
			<string>&lt;group&gt;</string>
		</dict>
		<key>1EC28928356EB4D43D36D7FF</key>
		<dict>
			<key>buildActionMask</key>
			<string>2147483647</string>
			<key>files</key>
			<array/>
			<key>inputPaths</key>
			<array/>
			<key>isa</key>
			<string>PBXShellScriptBuildPhase</string>
			<key>name</key>
			<string>[CP] Embed Pods Frameworks</string>
			<key>outputPaths</key>
			<array/>
			<key>runOnlyForDeploymentPostprocessing</key>
			<string>0</string>
			<key>shellPath</key>
			<string>/bin/sh</string>
			<key>shellScript</key>
			<string>"${SRCROOT}/Pods/Target Support Files/Pods-letian/Pods-letian-frameworks.sh"
</string>
			<key>showEnvVarsInLog</key>
			<string>0</string>
		</dict>
		<key>4D06804C865F43F4E9B595D7</key>
		<dict>
			<key>explicitFileType</key>
			<string>archive.ar</string>
			<key>includeInIndex</key>
			<string>0</string>
			<key>isa</key>
			<string>PBXFileReference</string>
			<key>path</key>
			<string>libPods-letian.a</string>
			<key>sourceTree</key>
			<string>BUILT_PRODUCTS_DIR</string>
		</dict>
		<key>74FF12D34910C046FDF26AE9</key>
		<dict>
			<key>fileRef</key>
			<string>4D06804C865F43F4E9B595D7</string>
			<key>isa</key>
			<string>PBXBuildFile</string>
		</dict>
		<key>77038DE11E63C3B50096C07D</key>
		<dict>
			<key>children</key>
			<array>
				<string>77038DE21E63C3B50096C07D</string>
			</array>
			<key>isa</key>
			<string>PBXGroup</string>
			<key>path</key>
			<string>Lib</string>
			<key>sourceTree</key>
			<string>&lt;group&gt;</string>
		</dict>
		<key>77038DE21E63C3B50096C07D</key>
		<dict>
			<key>children</key>
			<array>
				<string>77038DE31E63C3B50096C07D</string>
				<string>77038DE41E63C3B50096C07D</string>
				<string>77038DE51E63C3B50096C07D</string>
				<string>77038DE61E63C3B50096C07D</string>
			</array>
			<key>isa</key>
			<string>PBXGroup</string>
			<key>path</key>
			<string>YYCycleScrollView</string>
			<key>sourceTree</key>
			<string>&lt;group&gt;</string>
		</dict>
		<key>77038DE31E63C3B50096C07D</key>
		<dict>
			<key>fileEncoding</key>
			<string>4</string>
			<key>isa</key>
			<string>PBXFileReference</string>
			<key>lastKnownFileType</key>
			<string>sourcecode.c.h</string>
			<key>path</key>
			<string>NSTimer+YYFounction.h</string>
			<key>sourceTree</key>
			<string>&lt;group&gt;</string>
		</dict>
		<key>77038DE41E63C3B50096C07D</key>
		<dict>
			<key>fileEncoding</key>
			<string>4</string>
			<key>isa</key>
			<string>PBXFileReference</string>
			<key>lastKnownFileType</key>
			<string>sourcecode.c.objc</string>
			<key>path</key>
			<string>NSTimer+YYFounction.m</string>
			<key>sourceTree</key>
			<string>&lt;group&gt;</string>
		</dict>
		<key>77038DE51E63C3B50096C07D</key>
		<dict>
			<key>fileEncoding</key>
			<string>4</string>
			<key>isa</key>
			<string>PBXFileReference</string>
			<key>lastKnownFileType</key>
			<string>sourcecode.c.h</string>
			<key>path</key>
			<string>YYCycleScrollView.h</string>
			<key>sourceTree</key>
			<string>&lt;group&gt;</string>
		</dict>
		<key>77038DE61E63C3B50096C07D</key>
		<dict>
			<key>fileEncoding</key>
			<string>4</string>
			<key>isa</key>
			<string>PBXFileReference</string>
			<key>lastKnownFileType</key>
			<string>sourcecode.c.objc</string>
			<key>path</key>
			<string>YYCycleScrollView.m</string>
			<key>sourceTree</key>
			<string>&lt;group&gt;</string>
		</dict>
		<key>77038DE71E63C3B50096C07D</key>
		<dict>
			<key>fileRef</key>
			<string>77038DE41E63C3B50096C07D</string>
			<key>isa</key>
			<string>PBXBuildFile</string>
		</dict>
		<key>77038DE81E63C3B50096C07D</key>
		<dict>
			<key>fileRef</key>
			<string>77038DE61E63C3B50096C07D</string>
			<key>isa</key>
			<string>PBXBuildFile</string>
		</dict>
		<key>77038DE91E63C49F0096C07D</key>
		<dict>
			<key>children</key>
			<array/>
			<key>isa</key>
			<string>PBXGroup</string>
			<key>path</key>
			<string>Custom</string>
			<key>sourceTree</key>
			<string>&lt;group&gt;</string>
		</dict>
		<key>77038DEA1E63C6590096C07D</key>
		<dict>
			<key>fileEncoding</key>
			<string>4</string>
			<key>isa</key>
			<string>PBXFileReference</string>
			<key>lastKnownFileType</key>
			<string>sourcecode.c.h</string>
			<key>path</key>
			<string>PrefixHeader.pch</string>
			<key>sourceTree</key>
			<string>&lt;group&gt;</string>
		</dict>
		<key>77038DEB1E63C9F20096C07D</key>
		<dict>
			<key>children</key>
			<array>
				<string>77D2BF991E66B928000B9978</string>
				<string>0907336A1E64105A00F21E02</string>
				<string>77038E051E63CA7F0096C07D</string>
				<string>77038DED1E63C9F20096C07D</string>
				<string>77038DF51E63C9F20096C07D</string>
				<string>77038DF61E63C9F20096C07D</string>
			</array>
			<key>isa</key>
			<string>PBXGroup</string>
			<key>path</key>
			<string>Images</string>
			<key>sourceTree</key>
			<string>&lt;group&gt;</string>
		</dict>
		<key>77038DED1E63C9F20096C07D</key>
		<dict>
			<key>children</key>
			<array>
				<string>77038DEE1E63C9F20096C07D</string>
				<string>77038DEF1E63C9F20096C07D</string>
				<string>77038DF01E63C9F20096C07D</string>
				<string>77038DF11E63C9F20096C07D</string>
				<string>77038DF21E63C9F20096C07D</string>
				<string>77038DF31E63C9F20096C07D</string>
				<string>77038DF41E63C9F20096C07D</string>
			</array>
			<key>isa</key>
			<string>PBXGroup</string>
			<key>path</key>
			<string>&#22836;&#20687;</string>
			<key>sourceTree</key>
			<string>&lt;group&gt;</string>
		</dict>
		<key>77038DEE1E63C9F20096C07D</key>
		<dict>
			<key>isa</key>
			<string>PBXFileReference</string>
			<key>lastKnownFileType</key>
			<string>image.jpeg</string>
			<key>path</key>
			<string>cd516b22jw8fa4mlfynwzj20hs0hm0tr.jpg</string>
			<key>sourceTree</key>
			<string>&lt;group&gt;</string>
		</dict>
		<key>77038DEF1E63C9F20096C07D</key>
		<dict>
			<key>isa</key>
			<string>PBXFileReference</string>
			<key>lastKnownFileType</key>
			<string>image.jpeg</string>
			<key>path</key>
			<string>timg (1).jpeg</string>
			<key>sourceTree</key>
			<string>&lt;group&gt;</string>
		</dict>
		<key>77038DF01E63C9F20096C07D</key>
		<dict>
			<key>isa</key>
			<string>PBXFileReference</string>
			<key>lastKnownFileType</key>
			<string>image.jpeg</string>
			<key>path</key>
			<string>timg.jpeg</string>
			<key>sourceTree</key>
			<string>&lt;group&gt;</string>
		</dict>
		<key>77038DF11E63C9F20096C07D</key>
		<dict>
			<key>isa</key>
			<string>PBXFileReference</string>
			<key>lastKnownFileType</key>
			<string>image.jpeg</string>
			<key>path</key>
			<string>u=275622820,2944364039&amp;fm=214&amp;gp=0.jpg</string>
			<key>sourceTree</key>
			<string>&lt;group&gt;</string>
		</dict>
		<key>77038DF21E63C9F20096C07D</key>
		<dict>
			<key>isa</key>
			<string>PBXFileReference</string>
			<key>lastKnownFileType</key>
			<string>image.png</string>
			<key>path</key>
			<string>headImage.png</string>
			<key>sourceTree</key>
			<string>&lt;group&gt;</string>
		</dict>
		<key>77038DF31E63C9F20096C07D</key>
		<dict>
			<key>isa</key>
			<string>PBXFileReference</string>
			<key>lastKnownFileType</key>
			<string>image.png</string>
			<key>path</key>
			<string>&#23631;&#24149;&#24555;&#29031; 2017-02-20 &#19979;&#21320;4.05.02.png</string>
			<key>sourceTree</key>
			<string>&lt;group&gt;</string>
		</dict>
		<key>77038DF41E63C9F20096C07D</key>
		<dict>
			<key>isa</key>
			<string>PBXFileReference</string>
			<key>lastKnownFileType</key>
			<string>image.png</string>
			<key>path</key>
			<string>&#23631;&#24149;&#24555;&#29031; 2017-02-20 &#19979;&#21320;4.33.06.png</string>
			<key>sourceTree</key>
			<string>&lt;group&gt;</string>
		</dict>
		<key>77038DF51E63C9F20096C07D</key>
		<dict>
			<key>isa</key>
			<string>PBXFileReference</string>
			<key>lastKnownFileType</key>
			<string>image.png</string>
			<key>path</key>
			<string>&#23458;&#26381;.png</string>
			<key>sourceTree</key>
			<string>&lt;group&gt;</string>
		</dict>
		<key>77038DF61E63C9F20096C07D</key>
		<dict>
			<key>children</key>
			<array>
				<string>77038DF71E63C9F20096C07D</string>
				<string>77038DF81E63C9F20096C07D</string>
				<string>77038DF91E63C9F20096C07D</string>
			</array>
			<key>isa</key>
			<string>PBXGroup</string>
			<key>path</key>
			<string>&#25903;&#20184;&#22270;&#26631;</string>
			<key>sourceTree</key>
			<string>&lt;group&gt;</string>
		</dict>
		<key>77038DF71E63C9F20096C07D</key>
		<dict>
			<key>isa</key>
			<string>PBXFileReference</string>
			<key>lastKnownFileType</key>
			<string>image.png</string>
			<key>path</key>
			<string>&#24494;&#20449;&#25903;&#20184;.png</string>
			<key>sourceTree</key>
			<string>&lt;group&gt;</string>
		</dict>
		<key>77038DF81E63C9F20096C07D</key>
		<dict>
			<key>isa</key>
			<string>PBXFileReference</string>
			<key>lastKnownFileType</key>
			<string>image.png</string>
			<key>path</key>
			<string>&#25903;&#20184;&#23453;.png</string>
			<key>sourceTree</key>
			<string>&lt;group&gt;</string>
		</dict>
		<key>77038DF91E63C9F20096C07D</key>
		<dict>
			<key>isa</key>
			<string>PBXFileReference</string>
			<key>lastKnownFileType</key>
			<string>image.png</string>
			<key>path</key>
			<string>&#38134;&#32852;&#25903;&#20184;.png</string>
			<key>sourceTree</key>
			<string>&lt;group&gt;</string>
		</dict>
		<key>77038DFA1E63C9F20096C07D</key>
		<dict>
			<key>fileRef</key>
			<string>77038DEE1E63C9F20096C07D</string>
			<key>isa</key>
			<string>PBXBuildFile</string>
		</dict>
		<key>77038DFB1E63C9F20096C07D</key>
		<dict>
			<key>fileRef</key>
			<string>77038DEF1E63C9F20096C07D</string>
			<key>isa</key>
			<string>PBXBuildFile</string>
		</dict>
		<key>77038DFC1E63C9F20096C07D</key>
		<dict>
			<key>fileRef</key>
			<string>77038DF01E63C9F20096C07D</string>
			<key>isa</key>
			<string>PBXBuildFile</string>
		</dict>
		<key>77038DFD1E63C9F20096C07D</key>
		<dict>
			<key>fileRef</key>
			<string>77038DF11E63C9F20096C07D</string>
			<key>isa</key>
			<string>PBXBuildFile</string>
		</dict>
		<key>77038DFE1E63C9F20096C07D</key>
		<dict>
			<key>fileRef</key>
			<string>77038DF21E63C9F20096C07D</string>
			<key>isa</key>
			<string>PBXBuildFile</string>
		</dict>
		<key>77038DFF1E63C9F20096C07D</key>
		<dict>
			<key>fileRef</key>
			<string>77038DF31E63C9F20096C07D</string>
			<key>isa</key>
			<string>PBXBuildFile</string>
		</dict>
		<key>77038E001E63C9F20096C07D</key>
		<dict>
			<key>fileRef</key>
			<string>77038DF41E63C9F20096C07D</string>
			<key>isa</key>
			<string>PBXBuildFile</string>
		</dict>
		<key>77038E011E63C9F20096C07D</key>
		<dict>
			<key>fileRef</key>
			<string>77038DF51E63C9F20096C07D</string>
			<key>isa</key>
			<string>PBXBuildFile</string>
		</dict>
		<key>77038E021E63C9F20096C07D</key>
		<dict>
			<key>fileRef</key>
			<string>77038DF71E63C9F20096C07D</string>
			<key>isa</key>
			<string>PBXBuildFile</string>
		</dict>
		<key>77038E031E63C9F20096C07D</key>
		<dict>
			<key>fileRef</key>
			<string>77038DF81E63C9F20096C07D</string>
			<key>isa</key>
			<string>PBXBuildFile</string>
		</dict>
		<key>77038E041E63C9F20096C07D</key>
		<dict>
			<key>fileRef</key>
			<string>77038DF91E63C9F20096C07D</string>
			<key>isa</key>
			<string>PBXBuildFile</string>
		</dict>
		<key>77038E051E63CA7F0096C07D</key>
		<dict>
			<key>children</key>
			<array>
				<string>77038E0C1E63CAAB0096C07D</string>
				<string>77038E0A1E63CA9E0096C07D</string>
				<string>77038E081E63CA960096C07D</string>
				<string>77038E061E63CA8B0096C07D</string>
				<string>774DBC0E1E64212F00B8798C</string>
			</array>
			<key>isa</key>
			<string>PBXGroup</string>
			<key>path</key>
			<string>&#39318;&#39029;&#36718;&#25773;&#22270;</string>
			<key>sourceTree</key>
			<string>&lt;group&gt;</string>
		</dict>
		<key>77038E061E63CA8B0096C07D</key>
		<dict>
			<key>isa</key>
			<string>PBXFileReference</string>
			<key>lastKnownFileType</key>
			<string>image.jpeg</string>
			<key>path</key>
			<string>index_slide_04.jpg</string>
			<key>sourceTree</key>
			<string>&lt;group&gt;</string>
		</dict>
		<key>77038E071E63CA8B0096C07D</key>
		<dict>
			<key>fileRef</key>
			<string>77038E061E63CA8B0096C07D</string>
			<key>isa</key>
			<string>PBXBuildFile</string>
		</dict>
		<key>77038E081E63CA960096C07D</key>
		<dict>
			<key>isa</key>
			<string>PBXFileReference</string>
			<key>lastKnownFileType</key>
			<string>image.jpeg</string>
			<key>path</key>
			<string>index_slide_03.jpg</string>
			<key>sourceTree</key>
			<string>&lt;group&gt;</string>
		</dict>
		<key>77038E091E63CA960096C07D</key>
		<dict>
			<key>fileRef</key>
			<string>77038E081E63CA960096C07D</string>
			<key>isa</key>
			<string>PBXBuildFile</string>
		</dict>
		<key>77038E0A1E63CA9E0096C07D</key>
		<dict>
			<key>isa</key>
			<string>PBXFileReference</string>
			<key>lastKnownFileType</key>
			<string>image.jpeg</string>
			<key>path</key>
			<string>index_slide_02.jpg</string>
			<key>sourceTree</key>
			<string>&lt;group&gt;</string>
		</dict>
		<key>77038E0B1E63CA9E0096C07D</key>
		<dict>
			<key>fileRef</key>
			<string>77038E0A1E63CA9E0096C07D</string>
			<key>isa</key>
			<string>PBXBuildFile</string>
		</dict>
		<key>77038E0C1E63CAAB0096C07D</key>
		<dict>
			<key>isa</key>
			<string>PBXFileReference</string>
			<key>lastKnownFileType</key>
			<string>image.jpeg</string>
			<key>path</key>
			<string>index_slide_01.jpg</string>
			<key>sourceTree</key>
			<string>&lt;group&gt;</string>
		</dict>
		<key>77038E0D1E63CAAB0096C07D</key>
		<dict>
			<key>fileRef</key>
			<string>77038E0C1E63CAAB0096C07D</string>
			<key>isa</key>
			<string>PBXBuildFile</string>
		</dict>
		<key>774DBC091E6420FC00B8798C</key>
		<dict>
			<key>fileEncoding</key>
			<string>4</string>
			<key>isa</key>
			<string>PBXFileReference</string>
			<key>lastKnownFileType</key>
			<string>sourcecode.c.h</string>
			<key>path</key>
			<string>HomeCell.h</string>
			<key>sourceTree</key>
			<string>&lt;group&gt;</string>
		</dict>
		<key>774DBC0A1E6420FC00B8798C</key>
		<dict>
			<key>fileEncoding</key>
			<string>4</string>
			<key>isa</key>
			<string>PBXFileReference</string>
			<key>lastKnownFileType</key>
			<string>sourcecode.c.objc</string>
			<key>path</key>
			<string>HomeCell.m</string>
			<key>sourceTree</key>
			<string>&lt;group&gt;</string>
		</dict>
		<key>774DBC0B1E6420FC00B8798C</key>
		<dict>
			<key>fileEncoding</key>
			<string>4</string>
			<key>isa</key>
			<string>PBXFileReference</string>
			<key>lastKnownFileType</key>
			<string>file.xib</string>
			<key>path</key>
			<string>HomeCell.xib</string>
			<key>sourceTree</key>
			<string>&lt;group&gt;</string>
		</dict>
		<key>774DBC0C1E6420FC00B8798C</key>
		<dict>
			<key>fileRef</key>
			<string>774DBC0A1E6420FC00B8798C</string>
			<key>isa</key>
			<string>PBXBuildFile</string>
		</dict>
		<key>774DBC0D1E6420FC00B8798C</key>
		<dict>
			<key>fileRef</key>
			<string>774DBC0B1E6420FC00B8798C</string>
			<key>isa</key>
			<string>PBXBuildFile</string>
		</dict>
		<key>774DBC0E1E64212F00B8798C</key>
		<dict>
			<key>isa</key>
			<string>PBXFileReference</string>
			<key>lastKnownFileType</key>
			<string>image.jpeg</string>
			<key>path</key>
			<string>tooopen_sy_156105468631.jpg</string>
			<key>sourceTree</key>
			<string>&lt;group&gt;</string>
		</dict>
		<key>774DBC0F1E64212F00B8798C</key>
		<dict>
			<key>fileRef</key>
			<string>774DBC0E1E64212F00B8798C</string>
			<key>isa</key>
			<string>PBXBuildFile</string>
		</dict>
		<key>774DBC101E64214900B8798C</key>
		<dict>
			<key>isa</key>
			<string>PBXFileReference</string>
			<key>lastKnownFileType</key>
			<string>image.png</string>
			<key>path</key>
			<string>msg.png</string>
			<key>sourceTree</key>
			<string>&lt;group&gt;</string>
		</dict>
		<key>774DBC111E64214900B8798C</key>
		<dict>
			<key>fileRef</key>
			<string>774DBC101E64214900B8798C</string>
			<key>isa</key>
			<string>PBXBuildFile</string>
		</dict>
		<key>77D2BF921E668D83000B9978</key>
		<dict>
			<key>isa</key>
			<string>PBXFileReference</string>
			<key>lastKnownFileType</key>
			<string>image.png</string>
			<key>path</key>
			<string>mainMessageWhite.png</string>
			<key>sourceTree</key>
			<string>&lt;group&gt;</string>
		</dict>
		<key>77D2BF931E668D83000B9978</key>
		<dict>
			<key>fileRef</key>
			<string>77D2BF921E668D83000B9978</string>
			<key>isa</key>
			<string>PBXBuildFile</string>
		</dict>
		<key>77D2BF941E66B3D0000B9978</key>
		<dict>
			<key>fileEncoding</key>
			<string>4</string>
			<key>isa</key>
			<string>PBXFileReference</string>
			<key>lastKnownFileType</key>
			<string>sourcecode.c.h</string>
			<key>path</key>
			<string>RegistViewController.h</string>
			<key>sourceTree</key>
			<string>&lt;group&gt;</string>
		</dict>
		<key>77D2BF951E66B3D0000B9978</key>
		<dict>
			<key>fileEncoding</key>
			<string>4</string>
			<key>isa</key>
			<string>PBXFileReference</string>
			<key>lastKnownFileType</key>
			<string>sourcecode.c.objc</string>
			<key>path</key>
			<string>RegistViewController.m</string>
			<key>sourceTree</key>
			<string>&lt;group&gt;</string>
		</dict>
		<key>77D2BF961E66B3D0000B9978</key>
		<dict>
			<key>fileEncoding</key>
			<string>4</string>
			<key>isa</key>
			<string>PBXFileReference</string>
			<key>lastKnownFileType</key>
			<string>file.xib</string>
			<key>path</key>
			<string>RegistViewController.xib</string>
			<key>sourceTree</key>
			<string>&lt;group&gt;</string>
		</dict>
		<key>77D2BF971E66B3D0000B9978</key>
		<dict>
			<key>fileRef</key>
			<string>77D2BF951E66B3D0000B9978</string>
			<key>isa</key>
			<string>PBXBuildFile</string>
		</dict>
		<key>77D2BF981E66B3D0000B9978</key>
		<dict>
			<key>fileRef</key>
			<string>77D2BF961E66B3D0000B9978</string>
			<key>isa</key>
			<string>PBXBuildFile</string>
		</dict>
		<key>77D2BF991E66B928000B9978</key>
		<dict>
			<key>children</key>
			<array>
				<string>77D2BF9A1E66B933000B9978</string>
				<string>77D2BF9C1E66B93E000B9978</string>
			</array>
			<key>isa</key>
			<string>PBXGroup</string>
			<key>path</key>
			<string>&#22270;&#26631;</string>
			<key>sourceTree</key>
			<string>&lt;group&gt;</string>
		</dict>
		<key>77D2BF9A1E66B933000B9978</key>
		<dict>
			<key>isa</key>
			<string>PBXFileReference</string>
			<key>lastKnownFileType</key>
			<string>image.png</string>
			<key>path</key>
			<string>donot.png</string>
			<key>sourceTree</key>
			<string>&lt;group&gt;</string>
		</dict>
		<key>77D2BF9B1E66B933000B9978</key>
		<dict>
			<key>fileRef</key>
			<string>77D2BF9A1E66B933000B9978</string>
			<key>isa</key>
			<string>PBXBuildFile</string>
		</dict>
		<key>77D2BF9C1E66B93E000B9978</key>
		<dict>
			<key>isa</key>
			<string>PBXFileReference</string>
			<key>lastKnownFileType</key>
			<string>image.png</string>
			<key>path</key>
			<string>do.png</string>
			<key>sourceTree</key>
			<string>&lt;group&gt;</string>
		</dict>
		<key>77D2BF9D1E66B93E000B9978</key>
		<dict>
			<key>fileRef</key>
			<string>77D2BF9C1E66B93E000B9978</string>
			<key>isa</key>
			<string>PBXBuildFile</string>
		</dict>
		<key>77D2BF9E1E66C404000B9978</key>
		<dict>
			<key>fileEncoding</key>
			<string>4</string>
			<key>isa</key>
			<string>PBXFileReference</string>
			<key>lastKnownFileType</key>
			<string>sourcecode.c.h</string>
			<key>path</key>
			<string>SetAcountViewController.h</string>
			<key>sourceTree</key>
			<string>&lt;group&gt;</string>
		</dict>
		<key>77D2BF9F1E66C404000B9978</key>
		<dict>
			<key>fileEncoding</key>
			<string>4</string>
			<key>isa</key>
			<string>PBXFileReference</string>
			<key>lastKnownFileType</key>
			<string>sourcecode.c.objc</string>
			<key>path</key>
			<string>SetAcountViewController.m</string>
			<key>sourceTree</key>
			<string>&lt;group&gt;</string>
		</dict>
		<key>77D2BFA01E66C404000B9978</key>
		<dict>
			<key>fileEncoding</key>
			<string>4</string>
			<key>isa</key>
			<string>PBXFileReference</string>
			<key>lastKnownFileType</key>
			<string>file.xib</string>
			<key>path</key>
			<string>SetAcountViewController.xib</string>
			<key>sourceTree</key>
			<string>&lt;group&gt;</string>
		</dict>
		<key>77D2BFA11E66C404000B9978</key>
		<dict>
			<key>fileRef</key>
			<string>77D2BF9F1E66C404000B9978</string>
			<key>isa</key>
			<string>PBXBuildFile</string>
		</dict>
		<key>77D2BFA21E66C404000B9978</key>
		<dict>
			<key>fileRef</key>
			<string>77D2BFA01E66C404000B9978</string>
			<key>isa</key>
			<string>PBXBuildFile</string>
		</dict>
		<key>77D2BFA31E67D6A9000B9978</key>
		<dict>
			<key>fileEncoding</key>
			<string>4</string>
			<key>isa</key>
			<string>PBXFileReference</string>
			<key>lastKnownFileType</key>
			<string>sourcecode.c.h</string>
			<key>path</key>
			<string>ForgetPwViewController.h</string>
			<key>sourceTree</key>
			<string>&lt;group&gt;</string>
		</dict>
		<key>77D2BFA41E67D6A9000B9978</key>
		<dict>
			<key>fileEncoding</key>
			<string>4</string>
			<key>isa</key>
			<string>PBXFileReference</string>
			<key>lastKnownFileType</key>
			<string>sourcecode.c.objc</string>
			<key>path</key>
			<string>ForgetPwViewController.m</string>
			<key>sourceTree</key>
			<string>&lt;group&gt;</string>
		</dict>
		<key>77D2BFA51E67D6A9000B9978</key>
		<dict>
			<key>fileEncoding</key>
			<string>4</string>
			<key>isa</key>
			<string>PBXFileReference</string>
			<key>lastKnownFileType</key>
			<string>file.xib</string>
			<key>path</key>
			<string>ForgetPwViewController.xib</string>
			<key>sourceTree</key>
			<string>&lt;group&gt;</string>
		</dict>
		<key>77D2BFA61E67D6A9000B9978</key>
		<dict>
			<key>fileRef</key>
			<string>77D2BFA41E67D6A9000B9978</string>
			<key>isa</key>
			<string>PBXBuildFile</string>
		</dict>
		<key>77D2BFA71E67D6A9000B9978</key>
		<dict>
			<key>fileRef</key>
			<string>77D2BFA51E67D6A9000B9978</string>
			<key>isa</key>
			<string>PBXBuildFile</string>
		</dict>
		<key>77DA5DC91E666B92003FAE0C</key>
		<dict>
			<key>children</key>
			<array>
				<string>77DA5DCA1E666B92003FAE0C</string>
				<string>77DA5DCB1E666B92003FAE0C</string>
				<string>77DA5DCC1E666B92003FAE0C</string>
				<string>77D2BF941E66B3D0000B9978</string>
				<string>77D2BF951E66B3D0000B9978</string>
				<string>77D2BF961E66B3D0000B9978</string>
				<string>77D2BF9E1E66C404000B9978</string>
				<string>77D2BF9F1E66C404000B9978</string>
				<string>77D2BFA01E66C404000B9978</string>
				<string>77D2BFA31E67D6A9000B9978</string>
				<string>77D2BFA41E67D6A9000B9978</string>
				<string>77D2BFA51E67D6A9000B9978</string>
			</array>
			<key>isa</key>
			<string>PBXGroup</string>
			<key>path</key>
			<string>Login</string>
			<key>sourceTree</key>
			<string>&lt;group&gt;</string>
		</dict>
		<key>77DA5DCA1E666B92003FAE0C</key>
		<dict>
			<key>fileEncoding</key>
			<string>4</string>
			<key>isa</key>
			<string>PBXFileReference</string>
			<key>lastKnownFileType</key>
			<string>sourcecode.c.h</string>
			<key>path</key>
			<string>LoginViewController.h</string>
			<key>sourceTree</key>
			<string>&lt;group&gt;</string>
		</dict>
		<key>77DA5DCB1E666B92003FAE0C</key>
		<dict>
			<key>fileEncoding</key>
			<string>4</string>
			<key>isa</key>
			<string>PBXFileReference</string>
			<key>lastKnownFileType</key>
			<string>sourcecode.c.objc</string>
			<key>path</key>
			<string>LoginViewController.m</string>
			<key>sourceTree</key>
			<string>&lt;group&gt;</string>
		</dict>
		<key>77DA5DCC1E666B92003FAE0C</key>
		<dict>
			<key>fileEncoding</key>
			<string>4</string>
			<key>isa</key>
			<string>PBXFileReference</string>
			<key>lastKnownFileType</key>
			<string>file.xib</string>
			<key>path</key>
			<string>LoginViewController.xib</string>
			<key>sourceTree</key>
			<string>&lt;group&gt;</string>
		</dict>
		<key>77DA5DCD1E666B92003FAE0C</key>
		<dict>
			<key>fileRef</key>
			<string>77DA5DCB1E666B92003FAE0C</string>
			<key>isa</key>
			<string>PBXBuildFile</string>
		</dict>
		<key>77DA5DCE1E666B92003FAE0C</key>
		<dict>
			<key>fileRef</key>
			<string>77DA5DCC1E666B92003FAE0C</string>
			<key>isa</key>
			<string>PBXBuildFile</string>
		</dict>
		<key>7B2FECA90A757B4B87E408C0</key>
		<dict>
			<key>buildActionMask</key>
			<string>2147483647</string>
			<key>files</key>
			<array/>
			<key>inputPaths</key>
			<array/>
			<key>isa</key>
			<string>PBXShellScriptBuildPhase</string>
			<key>name</key>
			<string>[CP] Check Pods Manifest.lock</string>
			<key>outputPaths</key>
			<array/>
			<key>runOnlyForDeploymentPostprocessing</key>
			<string>0</string>
			<key>shellPath</key>
			<string>/bin/sh</string>
			<key>shellScript</key>
			<string>diff "${PODS_ROOT}/../Podfile.lock" "${PODS_ROOT}/Manifest.lock" &gt; /dev/null
if [[ $? != 0 ]] ; then
    cat &lt;&lt; EOM
error: The sandbox is not in sync with the Podfile.lock. Run 'pod install' or update your CocoaPods installation.
EOM
    exit 1
fi
</string>
			<key>showEnvVarsInLog</key>
			<string>0</string>
		</dict>
		<key>7C97B37F8435D00E98815F82</key>
		<dict>
			<key>children</key>
			<array>
				<string>4D06804C865F43F4E9B595D7</string>
			</array>
			<key>isa</key>
			<string>PBXGroup</string>
			<key>name</key>
			<string>Frameworks</string>
			<key>sourceTree</key>
			<string>&lt;group&gt;</string>
		</dict>
		<key>7DE455D051C315B06E3F4C61</key>
		<dict>
			<key>includeInIndex</key>
			<string>1</string>
			<key>isa</key>
			<string>PBXFileReference</string>
			<key>lastKnownFileType</key>
			<string>text.xcconfig</string>
			<key>name</key>
			<string>Pods-letian.release.xcconfig</string>
			<key>path</key>
			<string>Pods/Target Support Files/Pods-letian/Pods-letian.release.xcconfig</string>
			<key>sourceTree</key>
			<string>&lt;group&gt;</string>
		</dict>
		<key>8E98826DB88D084D3D8BD428</key>
		<dict>
			<key>buildActionMask</key>
			<string>2147483647</string>
			<key>files</key>
			<array/>
			<key>inputPaths</key>
			<array/>
			<key>isa</key>
			<string>PBXShellScriptBuildPhase</string>
			<key>name</key>
			<string>[CP] Copy Pods Resources</string>
			<key>outputPaths</key>
			<array/>
			<key>runOnlyForDeploymentPostprocessing</key>
			<string>0</string>
			<key>shellPath</key>
			<string>/bin/sh</string>
			<key>shellScript</key>
			<string>"${SRCROOT}/Pods/Target Support Files/Pods-letian/Pods-letian-resources.sh"
</string>
			<key>showEnvVarsInLog</key>
			<string>0</string>
		</dict>
		<key>F8550220C06BB0D4BA36D36F</key>
		<dict>
			<key>includeInIndex</key>
			<string>1</string>
			<key>isa</key>
			<string>PBXFileReference</string>
			<key>lastKnownFileType</key>
			<string>text.xcconfig</string>
			<key>name</key>
			<string>Pods-letian.debug.xcconfig</string>
			<key>path</key>
			<string>Pods/Target Support Files/Pods-letian/Pods-letian.debug.xcconfig</string>
			<key>sourceTree</key>
			<string>&lt;group&gt;</string>
		</dict>
	</dict>
	<key>rootObject</key>
	<string>0953C2161E514B5700FB165C</string>
</dict>
</plist>
