// !$*UTF8*$!
{
	archiveVersion = 1;
	classes = {
	};
	objectVersion = 46;
	objects = {

/* Begin PBXBuildFile section */
		0907337B1E64105A00F21E02 /* consultPagTab.png in Resources */ = {isa = PBXBuildFile; fileRef = 0907336B1E64105A00F21E02 /* consultPagTab.png */; };
		0907337C1E64105A00F21E02 /* consultPagTab@2x.png in Resources */ = {isa = PBXBuildFile; fileRef = 0907336C1E64105A00F21E02 /* consultPagTab@2x.png */; };
		0907337D1E64105A00F21E02 /* consultPagTabSel.png in Resources */ = {isa = PBXBuildFile; fileRef = 0907336D1E64105A00F21E02 /* consultPagTabSel.png */; };
		0907337E1E64105A00F21E02 /* consultPagTabSel@2x.png in Resources */ = {isa = PBXBuildFile; fileRef = 0907336E1E64105A00F21E02 /* consultPagTabSel@2x.png */; };
		0907337F1E64105A00F21E02 /* firstPageTab.png in Resources */ = {isa = PBXBuildFile; fileRef = 0907336F1E64105A00F21E02 /* firstPageTab.png */; };
		090733801E64105A00F21E02 /* firstPageTab@2x.png in Resources */ = {isa = PBXBuildFile; fileRef = 090733701E64105A00F21E02 /* firstPageTab@2x.png */; };
		090733811E64105A00F21E02 /* firstPageTabSel.png in Resources */ = {isa = PBXBuildFile; fileRef = 090733711E64105A00F21E02 /* firstPageTabSel.png */; };
		090733821E64105A00F21E02 /* firstPageTabSel@2x.png in Resources */ = {isa = PBXBuildFile; fileRef = 090733721E64105A00F21E02 /* firstPageTabSel@2x.png */; };
		090733831E64105A00F21E02 /* mainMessage.png in Resources */ = {isa = PBXBuildFile; fileRef = 090733731E64105A00F21E02 /* mainMessage.png */; };
		090733841E64105A00F21E02 /* mainMessage@2x.png in Resources */ = {isa = PBXBuildFile; fileRef = 090733741E64105A00F21E02 /* mainMessage@2x.png */; };
		090733851E64105A00F21E02 /* mainMessageSel.png in Resources */ = {isa = PBXBuildFile; fileRef = 090733751E64105A00F21E02 /* mainMessageSel.png */; };
		090733861E64105A00F21E02 /* mainMessageSel@2x.png in Resources */ = {isa = PBXBuildFile; fileRef = 090733761E64105A00F21E02 /* mainMessageSel@2x.png */; };
		090733871E64105A00F21E02 /* myPagTab.png in Resources */ = {isa = PBXBuildFile; fileRef = 090733771E64105A00F21E02 /* myPagTab.png */; };
		090733881E64105A00F21E02 /* myPagTab@2x.png in Resources */ = {isa = PBXBuildFile; fileRef = 090733781E64105A00F21E02 /* myPagTab@2x.png */; };
		090733891E64105A00F21E02 /* myPagTabSel.png in Resources */ = {isa = PBXBuildFile; fileRef = 090733791E64105A00F21E02 /* myPagTabSel.png */; };
		0907338A1E64105A00F21E02 /* myPagTabSel@2x.png in Resources */ = {isa = PBXBuildFile; fileRef = 0907337A1E64105A00F21E02 /* myPagTabSel@2x.png */; };
		090733951E655B0600F21E02 /* consultPageCell.m in Sources */ = {isa = PBXBuildFile; fileRef = 090733931E655B0600F21E02 /* consultPageCell.m */; };
		090733961E655B0600F21E02 /* consultPageCell.xib in Resources */ = {isa = PBXBuildFile; fileRef = 090733941E655B0600F21E02 /* consultPageCell.xib */; };
		0907339A1E65665A00F21E02 /* counselorInfoModel.m in Sources */ = {isa = PBXBuildFile; fileRef = 090733991E65665A00F21E02 /* counselorInfoModel.m */; };
		0945B13D1E67E7F2005B7560 /* female.png in Resources */ = {isa = PBXBuildFile; fileRef = 0945B1391E67E7F2005B7560 /* female.png */; };
		0945B13E1E67E7F2005B7560 /* female@2x.png in Resources */ = {isa = PBXBuildFile; fileRef = 0945B13A1E67E7F2005B7560 /* female@2x.png */; };
		0945B13F1E67E7F2005B7560 /* male.png in Resources */ = {isa = PBXBuildFile; fileRef = 0945B13B1E67E7F2005B7560 /* male.png */; };
		0945B1401E67E7F2005B7560 /* male@2x.png in Resources */ = {isa = PBXBuildFile; fileRef = 0945B13C1E67E7F2005B7560 /* male@2x.png */; };
		0945B1441E67E8BF005B7560 /* CounselorInfoViewController.m in Sources */ = {isa = PBXBuildFile; fileRef = 0945B1421E67E8BF005B7560 /* CounselorInfoViewController.m */; };
		0945B1451E67E8BF005B7560 /* CounselorInfoViewController.xib in Resources */ = {isa = PBXBuildFile; fileRef = 0945B1431E67E8BF005B7560 /* CounselorInfoViewController.xib */; };
		0945B1481E6937DF005B7560 /* CustomCYLTabBar.m in Sources */ = {isa = PBXBuildFile; fileRef = 0945B1471E6937DF005B7560 /* CustomCYLTabBar.m */; };
		0953C2231E514B5800FB165C /* main.m in Sources */ = {isa = PBXBuildFile; fileRef = 0953C2221E514B5800FB165C /* main.m */; };
		0953C2261E514B5800FB165C /* AppDelegate.m in Sources */ = {isa = PBXBuildFile; fileRef = 0953C2251E514B5800FB165C /* AppDelegate.m */; };
		0953C2291E514B5800FB165C /* ViewController.m in Sources */ = {isa = PBXBuildFile; fileRef = 0953C2281E514B5800FB165C /* ViewController.m */; };
		0953C22C1E514B5800FB165C /* Main.storyboard in Resources */ = {isa = PBXBuildFile; fileRef = 0953C22A1E514B5800FB165C /* Main.storyboard */; };
		0953C22E1E514B5800FB165C /* Assets.xcassets in Resources */ = {isa = PBXBuildFile; fileRef = 0953C22D1E514B5800FB165C /* Assets.xcassets */; };
		0953C2311E514B5800FB165C /* LaunchScreen.storyboard in Resources */ = {isa = PBXBuildFile; fileRef = 0953C22F1E514B5800FB165C /* LaunchScreen.storyboard */; };
		0953C23C1E514B5800FB165C /* letianTests.m in Sources */ = {isa = PBXBuildFile; fileRef = 0953C23B1E514B5800FB165C /* letianTests.m */; };
		0953C2471E514B5900FB165C /* letianUITests.m in Sources */ = {isa = PBXBuildFile; fileRef = 0953C2461E514B5900FB165C /* letianUITests.m */; };
		0970CFEC1E517EB8007480CB /* FirstViewController.m in Sources */ = {isa = PBXBuildFile; fileRef = 0970CFEB1E517EB8007480CB /* FirstViewController.m */; };
		0970CFF01E5180BF007480CB /* ConsultViewController.m in Sources */ = {isa = PBXBuildFile; fileRef = 0970CFEE1E5180BF007480CB /* ConsultViewController.m */; };
		0970CFF11E5180BF007480CB /* ConsultViewController.xib in Resources */ = {isa = PBXBuildFile; fileRef = 0970CFEF1E5180BF007480CB /* ConsultViewController.xib */; };
		0970CFF51E5180DF007480CB /* MyViewController.m in Sources */ = {isa = PBXBuildFile; fileRef = 0970CFF31E5180DF007480CB /* MyViewController.m */; };
		0970CFF61E5180DF007480CB /* MyViewController.xib in Resources */ = {isa = PBXBuildFile; fileRef = 0970CFF41E5180DF007480CB /* MyViewController.xib */; };
		09F1E6FD1E6E4A3E007FBE81 /* orderPageCell.m in Sources */ = {isa = PBXBuildFile; fileRef = 09F1E6FB1E6E4A3E007FBE81 /* orderPageCell.m */; };
		09F1E6FE1E6E4A3E007FBE81 /* orderPageCell.xib in Resources */ = {isa = PBXBuildFile; fileRef = 09F1E6FC1E6E4A3E007FBE81 /* orderPageCell.xib */; };
		09F1E7021E6E6506007FBE81 /* share.png in Resources */ = {isa = PBXBuildFile; fileRef = 09F1E6FF1E6E6506007FBE81 /* share.png */; };
		09F1E7031E6E6506007FBE81 /* share@2x.png in Resources */ = {isa = PBXBuildFile; fileRef = 09F1E7001E6E6506007FBE81 /* share@2x.png */; };
		09F1E7041E6E6506007FBE81 /* share@3x.png in Resources */ = {isa = PBXBuildFile; fileRef = 09F1E7011E6E6506007FBE81 /* share@3x.png */; };
		74FF12D34910C046FDF26AE9 /* libPods-letian.a in Frameworks */ = {isa = PBXBuildFile; fileRef = 4D06804C865F43F4E9B595D7 /* libPods-letian.a */; };
		77038DE71E63C3B50096C07D /* NSTimer+YYFounction.m in Sources */ = {isa = PBXBuildFile; fileRef = 77038DE41E63C3B50096C07D /* NSTimer+YYFounction.m */; };
		77038DE81E63C3B50096C07D /* YYCycleScrollView.m in Sources */ = {isa = PBXBuildFile; fileRef = 77038DE61E63C3B50096C07D /* YYCycleScrollView.m */; };
		77038DFA1E63C9F20096C07D /* cd516b22jw8fa4mlfynwzj20hs0hm0tr.jpg in Resources */ = {isa = PBXBuildFile; fileRef = 77038DEE1E63C9F20096C07D /* cd516b22jw8fa4mlfynwzj20hs0hm0tr.jpg */; };
		77038DFB1E63C9F20096C07D /* timg (1).jpeg in Resources */ = {isa = PBXBuildFile; fileRef = 77038DEF1E63C9F20096C07D /* timg (1).jpeg */; };
		77038DFC1E63C9F20096C07D /* timg.jpeg in Resources */ = {isa = PBXBuildFile; fileRef = 77038DF01E63C9F20096C07D /* timg.jpeg */; };
		77038DFD1E63C9F20096C07D /* u=275622820,2944364039&fm=214&gp=0.jpg in Resources */ = {isa = PBXBuildFile; fileRef = 77038DF11E63C9F20096C07D /* u=275622820,2944364039&fm=214&gp=0.jpg */; };
		77038DFE1E63C9F20096C07D /* headImage.png in Resources */ = {isa = PBXBuildFile; fileRef = 77038DF21E63C9F20096C07D /* headImage.png */; };
		77038DFF1E63C9F20096C07D /* women.png in Resources */ = {isa = PBXBuildFile; fileRef = 77038DF31E63C9F20096C07D /* women.png */; };
		77038E001E63C9F20096C07D /* wowomen.png in Resources */ = {isa = PBXBuildFile; fileRef = 77038DF41E63C9F20096C07D /* wowomen.png */; };
		77038E011E63C9F20096C07D /* 客服.png in Resources */ = {isa = PBXBuildFile; fileRef = 77038DF51E63C9F20096C07D /* 客服.png */; };
		77038E021E63C9F20096C07D /* 微信支付.png in Resources */ = {isa = PBXBuildFile; fileRef = 77038DF71E63C9F20096C07D /* 微信支付.png */; };
		77038E031E63C9F20096C07D /* 支付宝.png in Resources */ = {isa = PBXBuildFile; fileRef = 77038DF81E63C9F20096C07D /* 支付宝.png */; };
		77038E041E63C9F20096C07D /* 银联支付.png in Resources */ = {isa = PBXBuildFile; fileRef = 77038DF91E63C9F20096C07D /* 银联支付.png */; };
		77038E071E63CA8B0096C07D /* index_slide_04.jpg in Resources */ = {isa = PBXBuildFile; fileRef = 77038E061E63CA8B0096C07D /* index_slide_04.jpg */; };
		77038E091E63CA960096C07D /* index_slide_03.jpg in Resources */ = {isa = PBXBuildFile; fileRef = 77038E081E63CA960096C07D /* index_slide_03.jpg */; };
		77038E0B1E63CA9E0096C07D /* index_slide_02.jpg in Resources */ = {isa = PBXBuildFile; fileRef = 77038E0A1E63CA9E0096C07D /* index_slide_02.jpg */; };
		77038E0D1E63CAAB0096C07D /* index_slide_01.jpg in Resources */ = {isa = PBXBuildFile; fileRef = 77038E0C1E63CAAB0096C07D /* index_slide_01.jpg */; };
		774DBC0C1E6420FC00B8798C /* HomeCell.m in Sources */ = {isa = PBXBuildFile; fileRef = 774DBC0A1E6420FC00B8798C /* HomeCell.m */; };
		774DBC0D1E6420FC00B8798C /* HomeCell.xib in Resources */ = {isa = PBXBuildFile; fileRef = 774DBC0B1E6420FC00B8798C /* HomeCell.xib */; };
		774DBC0F1E64212F00B8798C /* tooopen_sy_156105468631.jpg in Resources */ = {isa = PBXBuildFile; fileRef = 774DBC0E1E64212F00B8798C /* tooopen_sy_156105468631.jpg */; };
		774DBC111E64214900B8798C /* msg.png in Resources */ = {isa = PBXBuildFile; fileRef = 774DBC101E64214900B8798C /* msg.png */; };
		7784D8911E6D1F43004AB0CC /* waitpay.png in Resources */ = {isa = PBXBuildFile; fileRef = 7784D8881E6D1F43004AB0CC /* waitpay.png */; };
		7784D8921E6D1F43004AB0CC /* waitpay@2x.png in Resources */ = {isa = PBXBuildFile; fileRef = 7784D8891E6D1F43004AB0CC /* waitpay@2x.png */; };
		7784D8931E6D1F43004AB0CC /* waitpay@3x.png in Resources */ = {isa = PBXBuildFile; fileRef = 7784D88A1E6D1F43004AB0CC /* waitpay@3x.png */; };
		7784D89A1E6D5512004AB0CC /* date.png in Resources */ = {isa = PBXBuildFile; fileRef = 7784D8941E6D5512004AB0CC /* date.png */; };
		7784D89B1E6D5512004AB0CC /* date@2x.png in Resources */ = {isa = PBXBuildFile; fileRef = 7784D8951E6D5512004AB0CC /* date@2x.png */; };
		7784D89C1E6D5512004AB0CC /* date@3x.png in Resources */ = {isa = PBXBuildFile; fileRef = 7784D8961E6D5512004AB0CC /* date@3x.png */; };
		7784D89D1E6D5512004AB0CC /* success.png in Resources */ = {isa = PBXBuildFile; fileRef = 7784D8971E6D5512004AB0CC /* success.png */; };
		7784D89E1E6D5512004AB0CC /* success@2x.png in Resources */ = {isa = PBXBuildFile; fileRef = 7784D8981E6D5512004AB0CC /* success@2x.png */; };
		7784D89F1E6D5512004AB0CC /* success@3x.png in Resources */ = {isa = PBXBuildFile; fileRef = 7784D8991E6D5512004AB0CC /* success@3x.png */; };
		7784D8A21E6D587D004AB0CC /* GQControls.m in Sources */ = {isa = PBXBuildFile; fileRef = 7784D8A11E6D587D004AB0CC /* GQControls.m */; };
		7784D8A61E6E532E004AB0CC /* whiteMessage.png in Resources */ = {isa = PBXBuildFile; fileRef = 7784D8A31E6E532E004AB0CC /* whiteMessage.png */; };
		7784D8A71E6E532E004AB0CC /* whiteMessage@2x.png in Resources */ = {isa = PBXBuildFile; fileRef = 7784D8A41E6E532E004AB0CC /* whiteMessage@2x.png */; };
		7784D8A81E6E532E004AB0CC /* whiteMessage@3x.png in Resources */ = {isa = PBXBuildFile; fileRef = 7784D8A51E6E532E004AB0CC /* whiteMessage@3x.png */; };
		7784D8AC1E6E80C5004AB0CC /* MessageViewController.m in Sources */ = {isa = PBXBuildFile; fileRef = 7784D8AA1E6E80C5004AB0CC /* MessageViewController.m */; };
		7784D8AD1E6E80C5004AB0CC /* MessageViewController.xib in Resources */ = {isa = PBXBuildFile; fileRef = 7784D8AB1E6E80C5004AB0CC /* MessageViewController.xib */; };
		77C383101E6CF79A00B4EF73 /* ChangePwViewController.m in Sources */ = {isa = PBXBuildFile; fileRef = 77C3830E1E6CF79A00B4EF73 /* ChangePwViewController.m */; };
		77C383111E6CF79A00B4EF73 /* ChangePwViewController.xib in Resources */ = {isa = PBXBuildFile; fileRef = 77C3830F1E6CF79A00B4EF73 /* ChangePwViewController.xib */; };
		77D2BF931E668D83000B9978 /* mainMessageWhite.png in Resources */ = {isa = PBXBuildFile; fileRef = 77D2BF921E668D83000B9978 /* mainMessageWhite.png */; };
		77D2BF971E66B3D0000B9978 /* RegistViewController.m in Sources */ = {isa = PBXBuildFile; fileRef = 77D2BF951E66B3D0000B9978 /* RegistViewController.m */; };
		77D2BF981E66B3D0000B9978 /* RegistViewController.xib in Resources */ = {isa = PBXBuildFile; fileRef = 77D2BF961E66B3D0000B9978 /* RegistViewController.xib */; };
		77D2BF9B1E66B933000B9978 /* donot.png in Resources */ = {isa = PBXBuildFile; fileRef = 77D2BF9A1E66B933000B9978 /* donot.png */; };
		77D2BF9D1E66B93E000B9978 /* do.png in Resources */ = {isa = PBXBuildFile; fileRef = 77D2BF9C1E66B93E000B9978 /* do.png */; };
		77D2BFA11E66C404000B9978 /* SetAcountViewController.m in Sources */ = {isa = PBXBuildFile; fileRef = 77D2BF9F1E66C404000B9978 /* SetAcountViewController.m */; };
		77D2BFA21E66C404000B9978 /* SetAcountViewController.xib in Resources */ = {isa = PBXBuildFile; fileRef = 77D2BFA01E66C404000B9978 /* SetAcountViewController.xib */; };
		77D2BFA61E67D6A9000B9978 /* ForgetPwViewController.m in Sources */ = {isa = PBXBuildFile; fileRef = 77D2BFA41E67D6A9000B9978 /* ForgetPwViewController.m */; };
		77D2BFA71E67D6A9000B9978 /* ForgetPwViewController.xib in Resources */ = {isa = PBXBuildFile; fileRef = 77D2BFA51E67D6A9000B9978 /* ForgetPwViewController.xib */; };
		77DA5DCD1E666B92003FAE0C /* LoginViewController.m in Sources */ = {isa = PBXBuildFile; fileRef = 77DA5DCB1E666B92003FAE0C /* LoginViewController.m */; };
		77DA5DCE1E666B92003FAE0C /* LoginViewController.xib in Resources */ = {isa = PBXBuildFile; fileRef = 77DA5DCC1E666B92003FAE0C /* LoginViewController.xib */; };
		77FF9B761E696E18008C0FE7 /* pinkback.png in Resources */ = {isa = PBXBuildFile; fileRef = 77FF9B701E696E18008C0FE7 /* pinkback.png */; };
		77FF9B771E696E18008C0FE7 /* pinkback@2x.png in Resources */ = {isa = PBXBuildFile; fileRef = 77FF9B711E696E18008C0FE7 /* pinkback@2x.png */; };
		77FF9B781E696E18008C0FE7 /* pinkback@3x.png in Resources */ = {isa = PBXBuildFile; fileRef = 77FF9B721E696E18008C0FE7 /* pinkback@3x.png */; };
		77FF9B791E696E18008C0FE7 /* whiteback.png in Resources */ = {isa = PBXBuildFile; fileRef = 77FF9B731E696E18008C0FE7 /* whiteback.png */; };
		77FF9B7A1E696E18008C0FE7 /* whiteback@2x.png in Resources */ = {isa = PBXBuildFile; fileRef = 77FF9B741E696E18008C0FE7 /* whiteback@2x.png */; };
		77FF9B7B1E696E18008C0FE7 /* whiteback@3x.png in Resources */ = {isa = PBXBuildFile; fileRef = 77FF9B751E696E18008C0FE7 /* whiteback@3x.png */; };
/* End PBXBuildFile section */

/* Begin PBXContainerItemProxy section */
		0953C2381E514B5800FB165C /* PBXContainerItemProxy */ = {
			isa = PBXContainerItemProxy;
			containerPortal = 0953C2161E514B5700FB165C /* Project object */;
			proxyType = 1;
			remoteGlobalIDString = 0953C21D1E514B5700FB165C;
			remoteInfo = letian;
		};
		0953C2431E514B5900FB165C /* PBXContainerItemProxy */ = {
			isa = PBXContainerItemProxy;
			containerPortal = 0953C2161E514B5700FB165C /* Project object */;
			proxyType = 1;
			remoteGlobalIDString = 0953C21D1E514B5700FB165C;
			remoteInfo = letian;
		};
/* End PBXContainerItemProxy section */

/* Begin PBXFileReference section */
		0907336B1E64105A00F21E02 /* consultPagTab.png */ = {isa = PBXFileReference; lastKnownFileType = image.png; path = consultPagTab.png; sourceTree = "<group>"; };
		0907336C1E64105A00F21E02 /* consultPagTab@2x.png */ = {isa = PBXFileReference; lastKnownFileType = image.png; path = "consultPagTab@2x.png"; sourceTree = "<group>"; };
		0907336D1E64105A00F21E02 /* consultPagTabSel.png */ = {isa = PBXFileReference; lastKnownFileType = image.png; path = consultPagTabSel.png; sourceTree = "<group>"; };
		0907336E1E64105A00F21E02 /* consultPagTabSel@2x.png */ = {isa = PBXFileReference; lastKnownFileType = image.png; path = "consultPagTabSel@2x.png"; sourceTree = "<group>"; };
		0907336F1E64105A00F21E02 /* firstPageTab.png */ = {isa = PBXFileReference; lastKnownFileType = image.png; path = firstPageTab.png; sourceTree = "<group>"; };
		090733701E64105A00F21E02 /* firstPageTab@2x.png */ = {isa = PBXFileReference; lastKnownFileType = image.png; path = "firstPageTab@2x.png"; sourceTree = "<group>"; };
		090733711E64105A00F21E02 /* firstPageTabSel.png */ = {isa = PBXFileReference; lastKnownFileType = image.png; path = firstPageTabSel.png; sourceTree = "<group>"; };
		090733721E64105A00F21E02 /* firstPageTabSel@2x.png */ = {isa = PBXFileReference; lastKnownFileType = image.png; path = "firstPageTabSel@2x.png"; sourceTree = "<group>"; };
		090733731E64105A00F21E02 /* mainMessage.png */ = {isa = PBXFileReference; lastKnownFileType = image.png; path = mainMessage.png; sourceTree = "<group>"; };
		090733741E64105A00F21E02 /* mainMessage@2x.png */ = {isa = PBXFileReference; lastKnownFileType = image.png; path = "mainMessage@2x.png"; sourceTree = "<group>"; };
		090733751E64105A00F21E02 /* mainMessageSel.png */ = {isa = PBXFileReference; lastKnownFileType = image.png; path = mainMessageSel.png; sourceTree = "<group>"; };
		090733761E64105A00F21E02 /* mainMessageSel@2x.png */ = {isa = PBXFileReference; lastKnownFileType = image.png; path = "mainMessageSel@2x.png"; sourceTree = "<group>"; };
		090733771E64105A00F21E02 /* myPagTab.png */ = {isa = PBXFileReference; lastKnownFileType = image.png; path = myPagTab.png; sourceTree = "<group>"; };
		090733781E64105A00F21E02 /* myPagTab@2x.png */ = {isa = PBXFileReference; lastKnownFileType = image.png; path = "myPagTab@2x.png"; sourceTree = "<group>"; };
		090733791E64105A00F21E02 /* myPagTabSel.png */ = {isa = PBXFileReference; lastKnownFileType = image.png; path = myPagTabSel.png; sourceTree = "<group>"; };
		0907337A1E64105A00F21E02 /* myPagTabSel@2x.png */ = {isa = PBXFileReference; lastKnownFileType = image.png; path = "myPagTabSel@2x.png"; sourceTree = "<group>"; };
		090733921E655B0600F21E02 /* consultPageCell.h */ = {isa = PBXFileReference; fileEncoding = 4; lastKnownFileType = sourcecode.c.h; path = consultPageCell.h; sourceTree = "<group>"; };
		090733931E655B0600F21E02 /* consultPageCell.m */ = {isa = PBXFileReference; fileEncoding = 4; lastKnownFileType = sourcecode.c.objc; path = consultPageCell.m; sourceTree = "<group>"; };
		090733941E655B0600F21E02 /* consultPageCell.xib */ = {isa = PBXFileReference; fileEncoding = 4; lastKnownFileType = file.xib; path = consultPageCell.xib; sourceTree = "<group>"; };
		090733981E65665A00F21E02 /* counselorInfoModel.h */ = {isa = PBXFileReference; fileEncoding = 4; lastKnownFileType = sourcecode.c.h; path = counselorInfoModel.h; sourceTree = "<group>"; };
		090733991E65665A00F21E02 /* counselorInfoModel.m */ = {isa = PBXFileReference; fileEncoding = 4; lastKnownFileType = sourcecode.c.objc; path = counselorInfoModel.m; sourceTree = "<group>"; };
		0945B1391E67E7F2005B7560 /* female.png */ = {isa = PBXFileReference; lastKnownFileType = image.png; path = female.png; sourceTree = "<group>"; };
		0945B13A1E67E7F2005B7560 /* female@2x.png */ = {isa = PBXFileReference; lastKnownFileType = image.png; path = "female@2x.png"; sourceTree = "<group>"; };
		0945B13B1E67E7F2005B7560 /* male.png */ = {isa = PBXFileReference; lastKnownFileType = image.png; path = male.png; sourceTree = "<group>"; };
		0945B13C1E67E7F2005B7560 /* male@2x.png */ = {isa = PBXFileReference; lastKnownFileType = image.png; path = "male@2x.png"; sourceTree = "<group>"; };
		0945B1411E67E8BF005B7560 /* CounselorInfoViewController.h */ = {isa = PBXFileReference; fileEncoding = 4; lastKnownFileType = sourcecode.c.h; path = CounselorInfoViewController.h; sourceTree = "<group>"; };
		0945B1421E67E8BF005B7560 /* CounselorInfoViewController.m */ = {isa = PBXFileReference; fileEncoding = 4; lastKnownFileType = sourcecode.c.objc; path = CounselorInfoViewController.m; sourceTree = "<group>"; };
		0945B1431E67E8BF005B7560 /* CounselorInfoViewController.xib */ = {isa = PBXFileReference; fileEncoding = 4; lastKnownFileType = file.xib; path = CounselorInfoViewController.xib; sourceTree = "<group>"; };
		0945B1461E6937DE005B7560 /* CustomCYLTabBar.h */ = {isa = PBXFileReference; fileEncoding = 4; lastKnownFileType = sourcecode.c.h; path = CustomCYLTabBar.h; sourceTree = "<group>"; };
		0945B1471E6937DF005B7560 /* CustomCYLTabBar.m */ = {isa = PBXFileReference; fileEncoding = 4; lastKnownFileType = sourcecode.c.objc; path = CustomCYLTabBar.m; sourceTree = "<group>"; };
		0953C21E1E514B5800FB165C /* letian.app */ = {isa = PBXFileReference; explicitFileType = wrapper.application; includeInIndex = 0; path = letian.app; sourceTree = BUILT_PRODUCTS_DIR; };
		0953C2221E514B5800FB165C /* main.m */ = {isa = PBXFileReference; lastKnownFileType = sourcecode.c.objc; path = main.m; sourceTree = "<group>"; };
		0953C2241E514B5800FB165C /* AppDelegate.h */ = {isa = PBXFileReference; lastKnownFileType = sourcecode.c.h; path = AppDelegate.h; sourceTree = "<group>"; };
		0953C2251E514B5800FB165C /* AppDelegate.m */ = {isa = PBXFileReference; lastKnownFileType = sourcecode.c.objc; path = AppDelegate.m; sourceTree = "<group>"; };
		0953C2271E514B5800FB165C /* ViewController.h */ = {isa = PBXFileReference; lastKnownFileType = sourcecode.c.h; path = ViewController.h; sourceTree = "<group>"; };
		0953C2281E514B5800FB165C /* ViewController.m */ = {isa = PBXFileReference; lastKnownFileType = sourcecode.c.objc; path = ViewController.m; sourceTree = "<group>"; };
		0953C22B1E514B5800FB165C /* Base */ = {isa = PBXFileReference; lastKnownFileType = file.storyboard; name = Base; path = Base.lproj/Main.storyboard; sourceTree = "<group>"; };
		0953C22D1E514B5800FB165C /* Assets.xcassets */ = {isa = PBXFileReference; lastKnownFileType = folder.assetcatalog; path = Assets.xcassets; sourceTree = "<group>"; };
		0953C2301E514B5800FB165C /* Base */ = {isa = PBXFileReference; lastKnownFileType = file.storyboard; name = Base; path = Base.lproj/LaunchScreen.storyboard; sourceTree = "<group>"; };
		0953C2321E514B5800FB165C /* Info.plist */ = {isa = PBXFileReference; lastKnownFileType = text.plist.xml; path = Info.plist; sourceTree = "<group>"; };
		0953C2371E514B5800FB165C /* letianTests.xctest */ = {isa = PBXFileReference; explicitFileType = wrapper.cfbundle; includeInIndex = 0; path = letianTests.xctest; sourceTree = BUILT_PRODUCTS_DIR; };
		0953C23B1E514B5800FB165C /* letianTests.m */ = {isa = PBXFileReference; lastKnownFileType = sourcecode.c.objc; path = letianTests.m; sourceTree = "<group>"; };
		0953C23D1E514B5900FB165C /* Info.plist */ = {isa = PBXFileReference; lastKnownFileType = text.plist.xml; path = Info.plist; sourceTree = "<group>"; };
		0953C2421E514B5900FB165C /* letianUITests.xctest */ = {isa = PBXFileReference; explicitFileType = wrapper.cfbundle; includeInIndex = 0; path = letianUITests.xctest; sourceTree = BUILT_PRODUCTS_DIR; };
		0953C2461E514B5900FB165C /* letianUITests.m */ = {isa = PBXFileReference; lastKnownFileType = sourcecode.c.objc; path = letianUITests.m; sourceTree = "<group>"; };
		0953C2481E514B5900FB165C /* Info.plist */ = {isa = PBXFileReference; lastKnownFileType = text.plist.xml; path = Info.plist; sourceTree = "<group>"; };
		0970CFEA1E517EB8007480CB /* FirstViewController.h */ = {isa = PBXFileReference; fileEncoding = 4; lastKnownFileType = sourcecode.c.h; path = FirstViewController.h; sourceTree = "<group>"; };
		0970CFEB1E517EB8007480CB /* FirstViewController.m */ = {isa = PBXFileReference; fileEncoding = 4; lastKnownFileType = sourcecode.c.objc; path = FirstViewController.m; sourceTree = "<group>"; };
		0970CFED1E5180BF007480CB /* ConsultViewController.h */ = {isa = PBXFileReference; fileEncoding = 4; lastKnownFileType = sourcecode.c.h; path = ConsultViewController.h; sourceTree = "<group>"; };
		0970CFEE1E5180BF007480CB /* ConsultViewController.m */ = {isa = PBXFileReference; fileEncoding = 4; lastKnownFileType = sourcecode.c.objc; path = ConsultViewController.m; sourceTree = "<group>"; };
		0970CFEF1E5180BF007480CB /* ConsultViewController.xib */ = {isa = PBXFileReference; fileEncoding = 4; lastKnownFileType = file.xib; path = ConsultViewController.xib; sourceTree = "<group>"; };
		0970CFF21E5180DF007480CB /* MyViewController.h */ = {isa = PBXFileReference; fileEncoding = 4; lastKnownFileType = sourcecode.c.h; path = MyViewController.h; sourceTree = "<group>"; };
		0970CFF31E5180DF007480CB /* MyViewController.m */ = {isa = PBXFileReference; fileEncoding = 4; lastKnownFileType = sourcecode.c.objc; path = MyViewController.m; sourceTree = "<group>"; };
		0970CFF41E5180DF007480CB /* MyViewController.xib */ = {isa = PBXFileReference; fileEncoding = 4; lastKnownFileType = file.xib; path = MyViewController.xib; sourceTree = "<group>"; };
		09F1E6FA1E6E4A3E007FBE81 /* orderPageCell.h */ = {isa = PBXFileReference; fileEncoding = 4; lastKnownFileType = sourcecode.c.h; path = orderPageCell.h; sourceTree = "<group>"; };
		09F1E6FB1E6E4A3E007FBE81 /* orderPageCell.m */ = {isa = PBXFileReference; fileEncoding = 4; lastKnownFileType = sourcecode.c.objc; path = orderPageCell.m; sourceTree = "<group>"; };
		09F1E6FC1E6E4A3E007FBE81 /* orderPageCell.xib */ = {isa = PBXFileReference; fileEncoding = 4; lastKnownFileType = file.xib; path = orderPageCell.xib; sourceTree = "<group>"; };
		09F1E6FF1E6E6506007FBE81 /* share.png */ = {isa = PBXFileReference; lastKnownFileType = image.png; path = share.png; sourceTree = "<group>"; };
		09F1E7001E6E6506007FBE81 /* share@2x.png */ = {isa = PBXFileReference; lastKnownFileType = image.png; path = "share@2x.png"; sourceTree = "<group>"; };
		09F1E7011E6E6506007FBE81 /* share@3x.png */ = {isa = PBXFileReference; lastKnownFileType = image.png; path = "share@3x.png"; sourceTree = "<group>"; };
		4D06804C865F43F4E9B595D7 /* libPods-letian.a */ = {isa = PBXFileReference; explicitFileType = archive.ar; includeInIndex = 0; path = "libPods-letian.a"; sourceTree = BUILT_PRODUCTS_DIR; };
		77038DE31E63C3B50096C07D /* NSTimer+YYFounction.h */ = {isa = PBXFileReference; fileEncoding = 4; lastKnownFileType = sourcecode.c.h; path = "NSTimer+YYFounction.h"; sourceTree = "<group>"; };
		77038DE41E63C3B50096C07D /* NSTimer+YYFounction.m */ = {isa = PBXFileReference; fileEncoding = 4; lastKnownFileType = sourcecode.c.objc; path = "NSTimer+YYFounction.m"; sourceTree = "<group>"; };
		77038DE51E63C3B50096C07D /* YYCycleScrollView.h */ = {isa = PBXFileReference; fileEncoding = 4; lastKnownFileType = sourcecode.c.h; path = YYCycleScrollView.h; sourceTree = "<group>"; };
		77038DE61E63C3B50096C07D /* YYCycleScrollView.m */ = {isa = PBXFileReference; fileEncoding = 4; lastKnownFileType = sourcecode.c.objc; path = YYCycleScrollView.m; sourceTree = "<group>"; };
		77038DEA1E63C6590096C07D /* PrefixHeader.pch */ = {isa = PBXFileReference; fileEncoding = 4; lastKnownFileType = sourcecode.c.h; path = PrefixHeader.pch; sourceTree = "<group>"; };
		77038DEE1E63C9F20096C07D /* cd516b22jw8fa4mlfynwzj20hs0hm0tr.jpg */ = {isa = PBXFileReference; lastKnownFileType = image.jpeg; path = cd516b22jw8fa4mlfynwzj20hs0hm0tr.jpg; sourceTree = "<group>"; };
		77038DEF1E63C9F20096C07D /* timg (1).jpeg */ = {isa = PBXFileReference; lastKnownFileType = image.jpeg; path = "timg (1).jpeg"; sourceTree = "<group>"; };
		77038DF01E63C9F20096C07D /* timg.jpeg */ = {isa = PBXFileReference; lastKnownFileType = image.jpeg; path = timg.jpeg; sourceTree = "<group>"; };
		77038DF11E63C9F20096C07D /* u=275622820,2944364039&fm=214&gp=0.jpg */ = {isa = PBXFileReference; lastKnownFileType = image.jpeg; path = "u=275622820,2944364039&fm=214&gp=0.jpg"; sourceTree = "<group>"; };
		77038DF21E63C9F20096C07D /* headImage.png */ = {isa = PBXFileReference; lastKnownFileType = image.png; path = headImage.png; sourceTree = "<group>"; };
		77038DF31E63C9F20096C07D /* women.png */ = {isa = PBXFileReference; lastKnownFileType = image.png; path = women.png; sourceTree = "<group>"; };
		77038DF41E63C9F20096C07D /* wowomen.png */ = {isa = PBXFileReference; lastKnownFileType = image.png; path = wowomen.png; sourceTree = "<group>"; };
		77038DF51E63C9F20096C07D /* 客服.png */ = {isa = PBXFileReference; lastKnownFileType = image.png; name = "客服.png"; path = "../客服.png"; sourceTree = "<group>"; };
		77038DF71E63C9F20096C07D /* 微信支付.png */ = {isa = PBXFileReference; lastKnownFileType = image.png; path = "微信支付.png"; sourceTree = "<group>"; };
		77038DF81E63C9F20096C07D /* 支付宝.png */ = {isa = PBXFileReference; lastKnownFileType = image.png; path = "支付宝.png"; sourceTree = "<group>"; };
		77038DF91E63C9F20096C07D /* 银联支付.png */ = {isa = PBXFileReference; lastKnownFileType = image.png; path = "银联支付.png"; sourceTree = "<group>"; };
		77038E061E63CA8B0096C07D /* index_slide_04.jpg */ = {isa = PBXFileReference; lastKnownFileType = image.jpeg; path = index_slide_04.jpg; sourceTree = "<group>"; };
		77038E081E63CA960096C07D /* index_slide_03.jpg */ = {isa = PBXFileReference; lastKnownFileType = image.jpeg; path = index_slide_03.jpg; sourceTree = "<group>"; };
		77038E0A1E63CA9E0096C07D /* index_slide_02.jpg */ = {isa = PBXFileReference; lastKnownFileType = image.jpeg; path = index_slide_02.jpg; sourceTree = "<group>"; };
		77038E0C1E63CAAB0096C07D /* index_slide_01.jpg */ = {isa = PBXFileReference; lastKnownFileType = image.jpeg; path = index_slide_01.jpg; sourceTree = "<group>"; };
		774DBC091E6420FC00B8798C /* HomeCell.h */ = {isa = PBXFileReference; fileEncoding = 4; lastKnownFileType = sourcecode.c.h; path = HomeCell.h; sourceTree = "<group>"; };
		774DBC0A1E6420FC00B8798C /* HomeCell.m */ = {isa = PBXFileReference; fileEncoding = 4; lastKnownFileType = sourcecode.c.objc; path = HomeCell.m; sourceTree = "<group>"; };
		774DBC0B1E6420FC00B8798C /* HomeCell.xib */ = {isa = PBXFileReference; fileEncoding = 4; lastKnownFileType = file.xib; path = HomeCell.xib; sourceTree = "<group>"; };
		774DBC0E1E64212F00B8798C /* tooopen_sy_156105468631.jpg */ = {isa = PBXFileReference; lastKnownFileType = image.jpeg; path = tooopen_sy_156105468631.jpg; sourceTree = "<group>"; };
		774DBC101E64214900B8798C /* msg.png */ = {isa = PBXFileReference; lastKnownFileType = image.png; path = msg.png; sourceTree = "<group>"; };
		7784D8881E6D1F43004AB0CC /* waitpay.png */ = {isa = PBXFileReference; lastKnownFileType = image.png; path = waitpay.png; sourceTree = "<group>"; };
		7784D8891E6D1F43004AB0CC /* waitpay@2x.png */ = {isa = PBXFileReference; lastKnownFileType = image.png; path = "waitpay@2x.png"; sourceTree = "<group>"; };
		7784D88A1E6D1F43004AB0CC /* waitpay@3x.png */ = {isa = PBXFileReference; lastKnownFileType = image.png; path = "waitpay@3x.png"; sourceTree = "<group>"; };
		7784D8941E6D5512004AB0CC /* date.png */ = {isa = PBXFileReference; lastKnownFileType = image.png; path = date.png; sourceTree = "<group>"; };
		7784D8951E6D5512004AB0CC /* date@2x.png */ = {isa = PBXFileReference; lastKnownFileType = image.png; path = "date@2x.png"; sourceTree = "<group>"; };
		7784D8961E6D5512004AB0CC /* date@3x.png */ = {isa = PBXFileReference; lastKnownFileType = image.png; path = "date@3x.png"; sourceTree = "<group>"; };
		7784D8971E6D5512004AB0CC /* success.png */ = {isa = PBXFileReference; lastKnownFileType = image.png; path = success.png; sourceTree = "<group>"; };
		7784D8981E6D5512004AB0CC /* success@2x.png */ = {isa = PBXFileReference; lastKnownFileType = image.png; path = "success@2x.png"; sourceTree = "<group>"; };
		7784D8991E6D5512004AB0CC /* success@3x.png */ = {isa = PBXFileReference; lastKnownFileType = image.png; path = "success@3x.png"; sourceTree = "<group>"; };
		7784D8A01E6D587D004AB0CC /* GQControls.h */ = {isa = PBXFileReference; fileEncoding = 4; lastKnownFileType = sourcecode.c.h; path = GQControls.h; sourceTree = "<group>"; };
		7784D8A11E6D587D004AB0CC /* GQControls.m */ = {isa = PBXFileReference; fileEncoding = 4; lastKnownFileType = sourcecode.c.objc; path = GQControls.m; sourceTree = "<group>"; };
		7784D8A31E6E532E004AB0CC /* whiteMessage.png */ = {isa = PBXFileReference; lastKnownFileType = image.png; path = whiteMessage.png; sourceTree = "<group>"; };
		7784D8A41E6E532E004AB0CC /* whiteMessage@2x.png */ = {isa = PBXFileReference; lastKnownFileType = image.png; path = "whiteMessage@2x.png"; sourceTree = "<group>"; };
		7784D8A51E6E532E004AB0CC /* whiteMessage@3x.png */ = {isa = PBXFileReference; lastKnownFileType = image.png; path = "whiteMessage@3x.png"; sourceTree = "<group>"; };
		7784D8A91E6E80C5004AB0CC /* MessageViewController.h */ = {isa = PBXFileReference; fileEncoding = 4; lastKnownFileType = sourcecode.c.h; path = MessageViewController.h; sourceTree = "<group>"; };
		7784D8AA1E6E80C5004AB0CC /* MessageViewController.m */ = {isa = PBXFileReference; fileEncoding = 4; lastKnownFileType = sourcecode.c.objc; path = MessageViewController.m; sourceTree = "<group>"; };
		7784D8AB1E6E80C5004AB0CC /* MessageViewController.xib */ = {isa = PBXFileReference; fileEncoding = 4; lastKnownFileType = file.xib; path = MessageViewController.xib; sourceTree = "<group>"; };
		77C3830D1E6CF79A00B4EF73 /* ChangePwViewController.h */ = {isa = PBXFileReference; fileEncoding = 4; lastKnownFileType = sourcecode.c.h; path = ChangePwViewController.h; sourceTree = "<group>"; };
		77C3830E1E6CF79A00B4EF73 /* ChangePwViewController.m */ = {isa = PBXFileReference; fileEncoding = 4; lastKnownFileType = sourcecode.c.objc; path = ChangePwViewController.m; sourceTree = "<group>"; };
		77C3830F1E6CF79A00B4EF73 /* ChangePwViewController.xib */ = {isa = PBXFileReference; fileEncoding = 4; lastKnownFileType = file.xib; path = ChangePwViewController.xib; sourceTree = "<group>"; };
		77D2BF921E668D83000B9978 /* mainMessageWhite.png */ = {isa = PBXFileReference; lastKnownFileType = image.png; path = mainMessageWhite.png; sourceTree = "<group>"; };
		77D2BF941E66B3D0000B9978 /* RegistViewController.h */ = {isa = PBXFileReference; fileEncoding = 4; lastKnownFileType = sourcecode.c.h; path = RegistViewController.h; sourceTree = "<group>"; };
		77D2BF951E66B3D0000B9978 /* RegistViewController.m */ = {isa = PBXFileReference; fileEncoding = 4; lastKnownFileType = sourcecode.c.objc; path = RegistViewController.m; sourceTree = "<group>"; };
		77D2BF961E66B3D0000B9978 /* RegistViewController.xib */ = {isa = PBXFileReference; fileEncoding = 4; lastKnownFileType = file.xib; path = RegistViewController.xib; sourceTree = "<group>"; };
		77D2BF9A1E66B933000B9978 /* donot.png */ = {isa = PBXFileReference; lastKnownFileType = image.png; path = donot.png; sourceTree = "<group>"; };
		77D2BF9C1E66B93E000B9978 /* do.png */ = {isa = PBXFileReference; lastKnownFileType = image.png; path = do.png; sourceTree = "<group>"; };
		77D2BF9E1E66C404000B9978 /* SetAcountViewController.h */ = {isa = PBXFileReference; fileEncoding = 4; lastKnownFileType = sourcecode.c.h; path = SetAcountViewController.h; sourceTree = "<group>"; };
		77D2BF9F1E66C404000B9978 /* SetAcountViewController.m */ = {isa = PBXFileReference; fileEncoding = 4; lastKnownFileType = sourcecode.c.objc; path = SetAcountViewController.m; sourceTree = "<group>"; };
		77D2BFA01E66C404000B9978 /* SetAcountViewController.xib */ = {isa = PBXFileReference; fileEncoding = 4; lastKnownFileType = file.xib; path = SetAcountViewController.xib; sourceTree = "<group>"; };
		77D2BFA31E67D6A9000B9978 /* ForgetPwViewController.h */ = {isa = PBXFileReference; fileEncoding = 4; lastKnownFileType = sourcecode.c.h; path = ForgetPwViewController.h; sourceTree = "<group>"; };
		77D2BFA41E67D6A9000B9978 /* ForgetPwViewController.m */ = {isa = PBXFileReference; fileEncoding = 4; lastKnownFileType = sourcecode.c.objc; path = ForgetPwViewController.m; sourceTree = "<group>"; };
		77D2BFA51E67D6A9000B9978 /* ForgetPwViewController.xib */ = {isa = PBXFileReference; fileEncoding = 4; lastKnownFileType = file.xib; path = ForgetPwViewController.xib; sourceTree = "<group>"; };
		77DA5DCA1E666B92003FAE0C /* LoginViewController.h */ = {isa = PBXFileReference; fileEncoding = 4; lastKnownFileType = sourcecode.c.h; path = LoginViewController.h; sourceTree = "<group>"; };
		77DA5DCB1E666B92003FAE0C /* LoginViewController.m */ = {isa = PBXFileReference; fileEncoding = 4; lastKnownFileType = sourcecode.c.objc; path = LoginViewController.m; sourceTree = "<group>"; };
		77DA5DCC1E666B92003FAE0C /* LoginViewController.xib */ = {isa = PBXFileReference; fileEncoding = 4; lastKnownFileType = file.xib; path = LoginViewController.xib; sourceTree = "<group>"; };
		77FF9B701E696E18008C0FE7 /* pinkback.png */ = {isa = PBXFileReference; lastKnownFileType = image.png; path = pinkback.png; sourceTree = "<group>"; };
		77FF9B711E696E18008C0FE7 /* pinkback@2x.png */ = {isa = PBXFileReference; lastKnownFileType = image.png; path = "pinkback@2x.png"; sourceTree = "<group>"; };
		77FF9B721E696E18008C0FE7 /* pinkback@3x.png */ = {isa = PBXFileReference; lastKnownFileType = image.png; path = "pinkback@3x.png"; sourceTree = "<group>"; };
		77FF9B731E696E18008C0FE7 /* whiteback.png */ = {isa = PBXFileReference; lastKnownFileType = image.png; path = whiteback.png; sourceTree = "<group>"; };
		77FF9B741E696E18008C0FE7 /* whiteback@2x.png */ = {isa = PBXFileReference; lastKnownFileType = image.png; path = "whiteback@2x.png"; sourceTree = "<group>"; };
		77FF9B751E696E18008C0FE7 /* whiteback@3x.png */ = {isa = PBXFileReference; lastKnownFileType = image.png; path = "whiteback@3x.png"; sourceTree = "<group>"; };
		7DE455D051C315B06E3F4C61 /* Pods-letian.release.xcconfig */ = {isa = PBXFileReference; includeInIndex = 1; lastKnownFileType = text.xcconfig; name = "Pods-letian.release.xcconfig"; path = "Pods/Target Support Files/Pods-letian/Pods-letian.release.xcconfig"; sourceTree = "<group>"; };
		F8550220C06BB0D4BA36D36F /* Pods-letian.debug.xcconfig */ = {isa = PBXFileReference; includeInIndex = 1; lastKnownFileType = text.xcconfig; name = "Pods-letian.debug.xcconfig"; path = "Pods/Target Support Files/Pods-letian/Pods-letian.debug.xcconfig"; sourceTree = "<group>"; };
/* End PBXFileReference section */

/* Begin PBXFrameworksBuildPhase section */
		0953C21B1E514B5700FB165C /* Frameworks */ = {
			isa = PBXFrameworksBuildPhase;
			buildActionMask = 2147483647;
			files = (
				74FF12D34910C046FDF26AE9 /* libPods-letian.a in Frameworks */,
			);
			runOnlyForDeploymentPostprocessing = 0;
		};
		0953C2341E514B5800FB165C /* Frameworks */ = {
			isa = PBXFrameworksBuildPhase;
			buildActionMask = 2147483647;
			files = (
			);
			runOnlyForDeploymentPostprocessing = 0;
		};
		0953C23F1E514B5900FB165C /* Frameworks */ = {
			isa = PBXFrameworksBuildPhase;
			buildActionMask = 2147483647;
			files = (
			);
			runOnlyForDeploymentPostprocessing = 0;
		};
/* End PBXFrameworksBuildPhase section */

/* Begin PBXGroup section */
		0907336A1E64105A00F21E02 /* resource */ = {
			isa = PBXGroup;
			children = (
				774DBC101E64214900B8798C /* msg.png */,
				0907336B1E64105A00F21E02 /* consultPagTab.png */,
				0907336C1E64105A00F21E02 /* consultPagTab@2x.png */,
				77D2BF921E668D83000B9978 /* mainMessageWhite.png */,
				0907336D1E64105A00F21E02 /* consultPagTabSel.png */,
				0907336E1E64105A00F21E02 /* consultPagTabSel@2x.png */,
				0907336F1E64105A00F21E02 /* firstPageTab.png */,
				090733701E64105A00F21E02 /* firstPageTab@2x.png */,
				090733711E64105A00F21E02 /* firstPageTabSel.png */,
				090733721E64105A00F21E02 /* firstPageTabSel@2x.png */,
				090733731E64105A00F21E02 /* mainMessage.png */,
				0945B1391E67E7F2005B7560 /* female.png */,
				0945B13A1E67E7F2005B7560 /* female@2x.png */,
				09F1E6FF1E6E6506007FBE81 /* share.png */,
				09F1E7001E6E6506007FBE81 /* share@2x.png */,
				09F1E7011E6E6506007FBE81 /* share@3x.png */,
				0945B13B1E67E7F2005B7560 /* male.png */,
				0945B13C1E67E7F2005B7560 /* male@2x.png */,
				090733741E64105A00F21E02 /* mainMessage@2x.png */,
				090733751E64105A00F21E02 /* mainMessageSel.png */,
				090733761E64105A00F21E02 /* mainMessageSel@2x.png */,
				090733771E64105A00F21E02 /* myPagTab.png */,
				090733781E64105A00F21E02 /* myPagTab@2x.png */,
				090733791E64105A00F21E02 /* myPagTabSel.png */,
				0907337A1E64105A00F21E02 /* myPagTabSel@2x.png */,
			);
			path = resource;
			sourceTree = "<group>";
		};
		090733901E655A7B00F21E02 /* model */ = {
			isa = PBXGroup;
			children = (
				090733981E65665A00F21E02 /* counselorInfoModel.h */,
				090733991E65665A00F21E02 /* counselorInfoModel.m */,
			);
			path = model;
			sourceTree = "<group>";
		};
		090733911E655A7B00F21E02 /* view */ = {
			isa = PBXGroup;
			children = (
				090733921E655B0600F21E02 /* consultPageCell.h */,
				090733931E655B0600F21E02 /* consultPageCell.m */,
				090733941E655B0600F21E02 /* consultPageCell.xib */,
				09F1E6FA1E6E4A3E007FBE81 /* orderPageCell.h */,
				09F1E6FB1E6E4A3E007FBE81 /* orderPageCell.m */,
				09F1E6FC1E6E4A3E007FBE81 /* orderPageCell.xib */,
			);
			path = view;
			sourceTree = "<group>";
		};
		0953C2151E514B5700FB165C = {
			isa = PBXGroup;
			children = (
				0953C2201E514B5800FB165C /* letian */,
				0953C23A1E514B5800FB165C /* letianTests */,
				0953C2451E514B5900FB165C /* letianUITests */,
				0953C21F1E514B5800FB165C /* Products */,
				17141F58EED1935B6AB46B35 /* Pods */,
				7C97B37F8435D00E98815F82 /* Frameworks */,
			);
			sourceTree = "<group>";
		};
		0953C21F1E514B5800FB165C /* Products */ = {
			isa = PBXGroup;
			children = (
				0953C21E1E514B5800FB165C /* letian.app */,
				0953C2371E514B5800FB165C /* letianTests.xctest */,
				0953C2421E514B5900FB165C /* letianUITests.xctest */,
			);
			name = Products;
			sourceTree = "<group>";
		};
		0953C2201E514B5800FB165C /* letian */ = {
			isa = PBXGroup;
			children = (
				77DA5DC91E666B92003FAE0C /* Login */,
				77038DEB1E63C9F20096C07D /* Images */,
				77038DE91E63C49F0096C07D /* Custom */,
				77038DE11E63C3B50096C07D /* Lib */,
				0970CFDB1E515A92007480CB /* first */,
				0970CFDD1E515A9E007480CB /* consult */,
				0970CFDC1E515A9E007480CB /* my */,
				0953C2241E514B5800FB165C /* AppDelegate.h */,
				0953C2251E514B5800FB165C /* AppDelegate.m */,
				0945B1461E6937DE005B7560 /* CustomCYLTabBar.h */,
				0945B1471E6937DF005B7560 /* CustomCYLTabBar.m */,
				0953C2271E514B5800FB165C /* ViewController.h */,
				0953C2281E514B5800FB165C /* ViewController.m */,
				0953C22A1E514B5800FB165C /* Main.storyboard */,
				0953C22D1E514B5800FB165C /* Assets.xcassets */,
				0953C22F1E514B5800FB165C /* LaunchScreen.storyboard */,
				0953C2321E514B5800FB165C /* Info.plist */,
				0953C2211E514B5800FB165C /* Supporting Files */,
			);
			path = letian;
			sourceTree = "<group>";
		};
		0953C2211E514B5800FB165C /* Supporting Files */ = {
			isa = PBXGroup;
			children = (
				0953C2221E514B5800FB165C /* main.m */,
				77038DEA1E63C6590096C07D /* PrefixHeader.pch */,
			);
			name = "Supporting Files";
			sourceTree = "<group>";
		};
		0953C23A1E514B5800FB165C /* letianTests */ = {
			isa = PBXGroup;
			children = (
				0953C23B1E514B5800FB165C /* letianTests.m */,
				0953C23D1E514B5900FB165C /* Info.plist */,
			);
			path = letianTests;
			sourceTree = "<group>";
		};
		0953C2451E514B5900FB165C /* letianUITests */ = {
			isa = PBXGroup;
			children = (
				0953C2461E514B5900FB165C /* letianUITests.m */,
				0953C2481E514B5900FB165C /* Info.plist */,
			);
			path = letianUITests;
			sourceTree = "<group>";
		};
		0970CFDB1E515A92007480CB /* first */ = {
			isa = PBXGroup;
			children = (
				0970CFDE1E517C30007480CB /* controller */,
				0970CFDF1E517C30007480CB /* view */,
				0970CFE01E517C30007480CB /* model */,
			);
			path = first;
			sourceTree = "<group>";
		};
		0970CFDC1E515A9E007480CB /* my */ = {
			isa = PBXGroup;
			children = (
				0970CFE71E517D3E007480CB /* controller */,
				0970CFE81E517D3E007480CB /* model */,
				0970CFE91E517D3E007480CB /* view */,
			);
			path = my;
			sourceTree = "<group>";
		};
		0970CFDD1E515A9E007480CB /* consult */ = {
			isa = PBXGroup;
			children = (
				090733901E655A7B00F21E02 /* model */,
				090733911E655A7B00F21E02 /* view */,
				0970CFE41E517CA6007480CB /* controller */,
			);
			path = consult;
			sourceTree = "<group>";
		};
		0970CFDE1E517C30007480CB /* controller */ = {
			isa = PBXGroup;
			children = (
				0970CFEA1E517EB8007480CB /* FirstViewController.h */,
				0970CFEB1E517EB8007480CB /* FirstViewController.m */,
			);
			path = controller;
			sourceTree = "<group>";
		};
		0970CFDF1E517C30007480CB /* view */ = {
			isa = PBXGroup;
			children = (
				774DBC091E6420FC00B8798C /* HomeCell.h */,
				774DBC0A1E6420FC00B8798C /* HomeCell.m */,
				774DBC0B1E6420FC00B8798C /* HomeCell.xib */,
			);
			path = view;
			sourceTree = "<group>";
		};
		0970CFE01E517C30007480CB /* model */ = {
			isa = PBXGroup;
			children = (
			);
			path = model;
			sourceTree = "<group>";
		};
		0970CFE41E517CA6007480CB /* controller */ = {
			isa = PBXGroup;
			children = (
				0970CFED1E5180BF007480CB /* ConsultViewController.h */,
				0970CFEE1E5180BF007480CB /* ConsultViewController.m */,
				0970CFEF1E5180BF007480CB /* ConsultViewController.xib */,
				0945B1411E67E8BF005B7560 /* CounselorInfoViewController.h */,
				0945B1421E67E8BF005B7560 /* CounselorInfoViewController.m */,
				0945B1431E67E8BF005B7560 /* CounselorInfoViewController.xib */,
			);
			path = controller;
			sourceTree = "<group>";
		};
		0970CFE71E517D3E007480CB /* controller */ = {
			isa = PBXGroup;
			children = (
				0970CFF21E5180DF007480CB /* MyViewController.h */,
				0970CFF31E5180DF007480CB /* MyViewController.m */,
				0970CFF41E5180DF007480CB /* MyViewController.xib */,
				7784D8A91E6E80C5004AB0CC /* MessageViewController.h */,
				7784D8AA1E6E80C5004AB0CC /* MessageViewController.m */,
				7784D8AB1E6E80C5004AB0CC /* MessageViewController.xib */,
			);
			path = controller;
			sourceTree = "<group>";
		};
		0970CFE81E517D3E007480CB /* model */ = {
			isa = PBXGroup;
			children = (
			);
			path = model;
			sourceTree = "<group>";
		};
		0970CFE91E517D3E007480CB /* view */ = {
			isa = PBXGroup;
			children = (
			);
			path = view;
			sourceTree = "<group>";
		};
		17141F58EED1935B6AB46B35 /* Pods */ = {
			isa = PBXGroup;
			children = (
				F8550220C06BB0D4BA36D36F /* Pods-letian.debug.xcconfig */,
				7DE455D051C315B06E3F4C61 /* Pods-letian.release.xcconfig */,
			);
			name = Pods;
			sourceTree = "<group>";
		};
		77038DE11E63C3B50096C07D /* Lib */ = {
			isa = PBXGroup;
			children = (
				77038DE21E63C3B50096C07D /* YYCycleScrollView */,
			);
			path = Lib;
			sourceTree = "<group>";
		};
		77038DE21E63C3B50096C07D /* YYCycleScrollView */ = {
			isa = PBXGroup;
			children = (
				77038DE31E63C3B50096C07D /* NSTimer+YYFounction.h */,
				77038DE41E63C3B50096C07D /* NSTimer+YYFounction.m */,
				77038DE51E63C3B50096C07D /* YYCycleScrollView.h */,
				77038DE61E63C3B50096C07D /* YYCycleScrollView.m */,
			);
			path = YYCycleScrollView;
			sourceTree = "<group>";
		};
		77038DE91E63C49F0096C07D /* Custom */ = {
			isa = PBXGroup;
			children = (
				7784D8A01E6D587D004AB0CC /* GQControls.h */,
				7784D8A11E6D587D004AB0CC /* GQControls.m */,
			);
			path = Custom;
			sourceTree = "<group>";
		};
		77038DEB1E63C9F20096C07D /* Images */ = {
			isa = PBXGroup;
			children = (
				77D2BF991E66B928000B9978 /* 图标 */,
				0907336A1E64105A00F21E02 /* resource */,
				77038E051E63CA7F0096C07D /* 首页轮播图 */,
				77038DED1E63C9F20096C07D /* 头像 */,
				77038DF61E63C9F20096C07D /* 支付图标 */,
			);
			path = Images;
			sourceTree = "<group>";
		};
		77038DED1E63C9F20096C07D /* 头像 */ = {
			isa = PBXGroup;
			children = (
				77038DF51E63C9F20096C07D /* 客服.png */,
				77038DEE1E63C9F20096C07D /* cd516b22jw8fa4mlfynwzj20hs0hm0tr.jpg */,
				77038DEF1E63C9F20096C07D /* timg (1).jpeg */,
				77038DF01E63C9F20096C07D /* timg.jpeg */,
				77038DF11E63C9F20096C07D /* u=275622820,2944364039&fm=214&gp=0.jpg */,
				77038DF21E63C9F20096C07D /* headImage.png */,
				77038DF31E63C9F20096C07D /* women.png */,
				77038DF41E63C9F20096C07D /* wowomen.png */,
			);
			path = "头像";
			sourceTree = "<group>";
		};
		77038DF61E63C9F20096C07D /* 支付图标 */ = {
			isa = PBXGroup;
			children = (
				77038DF71E63C9F20096C07D /* 微信支付.png */,
				77038DF81E63C9F20096C07D /* 支付宝.png */,
				77038DF91E63C9F20096C07D /* 银联支付.png */,
			);
			path = "支付图标";
			sourceTree = "<group>";
		};
		77038E051E63CA7F0096C07D /* 首页轮播图 */ = {
			isa = PBXGroup;
			children = (
				77038E0C1E63CAAB0096C07D /* index_slide_01.jpg */,
				77038E0A1E63CA9E0096C07D /* index_slide_02.jpg */,
				77038E081E63CA960096C07D /* index_slide_03.jpg */,
				77038E061E63CA8B0096C07D /* index_slide_04.jpg */,
				774DBC0E1E64212F00B8798C /* tooopen_sy_156105468631.jpg */,
			);
			path = "首页轮播图";
			sourceTree = "<group>";
		};
		77D2BF991E66B928000B9978 /* 图标 */ = {
			isa = PBXGroup;
			children = (
				7784D8A31E6E532E004AB0CC /* whiteMessage.png */,
				7784D8A41E6E532E004AB0CC /* whiteMessage@2x.png */,
				7784D8A51E6E532E004AB0CC /* whiteMessage@3x.png */,
				7784D8941E6D5512004AB0CC /* date.png */,
				7784D8951E6D5512004AB0CC /* date@2x.png */,
				7784D8961E6D5512004AB0CC /* date@3x.png */,
				7784D8971E6D5512004AB0CC /* success.png */,
				7784D8981E6D5512004AB0CC /* success@2x.png */,
				7784D8991E6D5512004AB0CC /* success@3x.png */,
				7784D8881E6D1F43004AB0CC /* waitpay.png */,
				7784D8891E6D1F43004AB0CC /* waitpay@2x.png */,
				7784D88A1E6D1F43004AB0CC /* waitpay@3x.png */,
				77D2BF9A1E66B933000B9978 /* donot.png */,
				77D2BF9C1E66B93E000B9978 /* do.png */,
				77FF9B701E696E18008C0FE7 /* pinkback.png */,
				77FF9B711E696E18008C0FE7 /* pinkback@2x.png */,
				77FF9B721E696E18008C0FE7 /* pinkback@3x.png */,
				77FF9B731E696E18008C0FE7 /* whiteback.png */,
				77FF9B741E696E18008C0FE7 /* whiteback@2x.png */,
				77FF9B751E696E18008C0FE7 /* whiteback@3x.png */,
			);
			path = "图标";
			sourceTree = "<group>";
		};
		77DA5DC91E666B92003FAE0C /* Login */ = {
			isa = PBXGroup;
			children = (
				77DA5DCA1E666B92003FAE0C /* LoginViewController.h */,
				77DA5DCB1E666B92003FAE0C /* LoginViewController.m */,
				77DA5DCC1E666B92003FAE0C /* LoginViewController.xib */,
				77D2BF941E66B3D0000B9978 /* RegistViewController.h */,
				77D2BF951E66B3D0000B9978 /* RegistViewController.m */,
				77D2BF961E66B3D0000B9978 /* RegistViewController.xib */,
				77D2BF9E1E66C404000B9978 /* SetAcountViewController.h */,
				77D2BF9F1E66C404000B9978 /* SetAcountViewController.m */,
				77D2BFA01E66C404000B9978 /* SetAcountViewController.xib */,
				77D2BFA31E67D6A9000B9978 /* ForgetPwViewController.h */,
				77D2BFA41E67D6A9000B9978 /* ForgetPwViewController.m */,
				77D2BFA51E67D6A9000B9978 /* ForgetPwViewController.xib */,
				77C3830D1E6CF79A00B4EF73 /* ChangePwViewController.h */,
				77C3830E1E6CF79A00B4EF73 /* ChangePwViewController.m */,
				77C3830F1E6CF79A00B4EF73 /* ChangePwViewController.xib */,
			);
			path = Login;
			sourceTree = "<group>";
		};
		7C97B37F8435D00E98815F82 /* Frameworks */ = {
			isa = PBXGroup;
			children = (
				4D06804C865F43F4E9B595D7 /* libPods-letian.a */,
			);
			name = Frameworks;
			sourceTree = "<group>";
		};
/* End PBXGroup section */

/* Begin PBXNativeTarget section */
		0953C21D1E514B5700FB165C /* letian */ = {
			isa = PBXNativeTarget;
			buildConfigurationList = 0953C24B1E514B5900FB165C /* Build configuration list for PBXNativeTarget "letian" */;
			buildPhases = (
				7B2FECA90A757B4B87E408C0 /* [CP] Check Pods Manifest.lock */,
				0953C21A1E514B5700FB165C /* Sources */,
				0953C21B1E514B5700FB165C /* Frameworks */,
				0953C21C1E514B5700FB165C /* Resources */,
				1EC28928356EB4D43D36D7FF /* [CP] Embed Pods Frameworks */,
				8E98826DB88D084D3D8BD428 /* [CP] Copy Pods Resources */,
			);
			buildRules = (
			);
			dependencies = (
			);
			name = letian;
			productName = letian;
			productReference = 0953C21E1E514B5800FB165C /* letian.app */;
			productType = "com.apple.product-type.application";
		};
		0953C2361E514B5800FB165C /* letianTests */ = {
			isa = PBXNativeTarget;
			buildConfigurationList = 0953C24E1E514B5900FB165C /* Build configuration list for PBXNativeTarget "letianTests" */;
			buildPhases = (
				0953C2331E514B5800FB165C /* Sources */,
				0953C2341E514B5800FB165C /* Frameworks */,
				0953C2351E514B5800FB165C /* Resources */,
			);
			buildRules = (
			);
			dependencies = (
				0953C2391E514B5800FB165C /* PBXTargetDependency */,
			);
			name = letianTests;
			productName = letianTests;
			productReference = 0953C2371E514B5800FB165C /* letianTests.xctest */;
			productType = "com.apple.product-type.bundle.unit-test";
		};
		0953C2411E514B5900FB165C /* letianUITests */ = {
			isa = PBXNativeTarget;
			buildConfigurationList = 0953C2511E514B5900FB165C /* Build configuration list for PBXNativeTarget "letianUITests" */;
			buildPhases = (
				0953C23E1E514B5900FB165C /* Sources */,
				0953C23F1E514B5900FB165C /* Frameworks */,
				0953C2401E514B5900FB165C /* Resources */,
			);
			buildRules = (
			);
			dependencies = (
				0953C2441E514B5900FB165C /* PBXTargetDependency */,
			);
			name = letianUITests;
			productName = letianUITests;
			productReference = 0953C2421E514B5900FB165C /* letianUITests.xctest */;
			productType = "com.apple.product-type.bundle.ui-testing";
		};
/* End PBXNativeTarget section */

/* Begin PBXProject section */
		0953C2161E514B5700FB165C /* Project object */ = {
			isa = PBXProject;
			attributes = {
				LastUpgradeCheck = 0820;
				ORGANIZATIONNAME = J;
				TargetAttributes = {
					0953C21D1E514B5700FB165C = {
						CreatedOnToolsVersion = 8.2.1;
						DevelopmentTeam = 3FZ6X72MWM;
						ProvisioningStyle = Automatic;
					};
					0953C2361E514B5800FB165C = {
						CreatedOnToolsVersion = 8.2.1;
						ProvisioningStyle = Automatic;
						TestTargetID = 0953C21D1E514B5700FB165C;
					};
					0953C2411E514B5900FB165C = {
						CreatedOnToolsVersion = 8.2.1;
						ProvisioningStyle = Automatic;
						TestTargetID = 0953C21D1E514B5700FB165C;
					};
				};
			};
			buildConfigurationList = 0953C2191E514B5700FB165C /* Build configuration list for PBXProject "letian" */;
			compatibilityVersion = "Xcode 3.2";
			developmentRegion = English;
			hasScannedForEncodings = 0;
			knownRegions = (
				en,
				Base,
			);
			mainGroup = 0953C2151E514B5700FB165C;
			productRefGroup = 0953C21F1E514B5800FB165C /* Products */;
			projectDirPath = "";
			projectRoot = "";
			targets = (
				0953C21D1E514B5700FB165C /* letian */,
				0953C2361E514B5800FB165C /* letianTests */,
				0953C2411E514B5900FB165C /* letianUITests */,
			);
		};
/* End PBXProject section */

/* Begin PBXResourcesBuildPhase section */
		0953C21C1E514B5700FB165C /* Resources */ = {
			isa = PBXResourcesBuildPhase;
			buildActionMask = 2147483647;
			files = (
				090733861E64105A00F21E02 /* mainMessageSel@2x.png in Resources */,
				0953C2311E514B5800FB165C /* LaunchScreen.storyboard in Resources */,
				774DBC0F1E64212F00B8798C /* tooopen_sy_156105468631.jpg in Resources */,
				77FF9B761E696E18008C0FE7 /* pinkback.png in Resources */,
				0970CFF11E5180BF007480CB /* ConsultViewController.xib in Resources */,
				09F1E7041E6E6506007FBE81 /* share@3x.png in Resources */,
				77C383111E6CF79A00B4EF73 /* ChangePwViewController.xib in Resources */,
				0953C22E1E514B5800FB165C /* Assets.xcassets in Resources */,
				77D2BFA21E66C404000B9978 /* SetAcountViewController.xib in Resources */,
				7784D89F1E6D5512004AB0CC /* success@3x.png in Resources */,
				0953C22C1E514B5800FB165C /* Main.storyboard in Resources */,
				77038DFD1E63C9F20096C07D /* u=275622820,2944364039&fm=214&gp=0.jpg in Resources */,
				0907337B1E64105A00F21E02 /* consultPagTab.png in Resources */,
				77038E031E63C9F20096C07D /* 支付宝.png in Resources */,
				774DBC111E64214900B8798C /* msg.png in Resources */,
				0907337E1E64105A00F21E02 /* consultPagTabSel@2x.png in Resources */,
				77038DFE1E63C9F20096C07D /* headImage.png in Resources */,
				090733841E64105A00F21E02 /* mainMessage@2x.png in Resources */,
				0907337C1E64105A00F21E02 /* consultPagTab@2x.png in Resources */,
				0907337F1E64105A00F21E02 /* firstPageTab.png in Resources */,
				77038DFA1E63C9F20096C07D /* cd516b22jw8fa4mlfynwzj20hs0hm0tr.jpg in Resources */,
				77038E0D1E63CAAB0096C07D /* index_slide_01.jpg in Resources */,
				77D2BF981E66B3D0000B9978 /* RegistViewController.xib in Resources */,
				0945B1451E67E8BF005B7560 /* CounselorInfoViewController.xib in Resources */,
				0970CFF61E5180DF007480CB /* MyViewController.xib in Resources */,
				0945B13E1E67E7F2005B7560 /* female@2x.png in Resources */,
				0945B1401E67E7F2005B7560 /* male@2x.png in Resources */,
				7784D89C1E6D5512004AB0CC /* date@3x.png in Resources */,
				77038E021E63C9F20096C07D /* 微信支付.png in Resources */,
				77038DFB1E63C9F20096C07D /* timg (1).jpeg in Resources */,
				090733891E64105A00F21E02 /* myPagTabSel.png in Resources */,
				090733851E64105A00F21E02 /* mainMessageSel.png in Resources */,
				7784D89B1E6D5512004AB0CC /* date@2x.png in Resources */,
				0945B13F1E67E7F2005B7560 /* male.png in Resources */,
				77D2BF931E668D83000B9978 /* mainMessageWhite.png in Resources */,
				09F1E7031E6E6506007FBE81 /* share@2x.png in Resources */,
				77038DFF1E63C9F20096C07D /* women.png in Resources */,
				0907337D1E64105A00F21E02 /* consultPagTabSel.png in Resources */,
				09F1E7021E6E6506007FBE81 /* share.png in Resources */,
				7784D8A71E6E532E004AB0CC /* whiteMessage@2x.png in Resources */,
				090733881E64105A00F21E02 /* myPagTab@2x.png in Resources */,
				77FF9B781E696E18008C0FE7 /* pinkback@3x.png in Resources */,
				7784D89E1E6D5512004AB0CC /* success@2x.png in Resources */,
				774DBC0D1E6420FC00B8798C /* HomeCell.xib in Resources */,
				77D2BFA71E67D6A9000B9978 /* ForgetPwViewController.xib in Resources */,
				090733801E64105A00F21E02 /* firstPageTab@2x.png in Resources */,
				0907338A1E64105A00F21E02 /* myPagTabSel@2x.png in Resources */,
				7784D8A81E6E532E004AB0CC /* whiteMessage@3x.png in Resources */,
				77FF9B7B1E696E18008C0FE7 /* whiteback@3x.png in Resources */,
				77FF9B771E696E18008C0FE7 /* pinkback@2x.png in Resources */,
				7784D8911E6D1F43004AB0CC /* waitpay.png in Resources */,
				77038E091E63CA960096C07D /* index_slide_03.jpg in Resources */,
				77038E001E63C9F20096C07D /* wowomen.png in Resources */,
				09F1E6FE1E6E4A3E007FBE81 /* orderPageCell.xib in Resources */,
				77038DFC1E63C9F20096C07D /* timg.jpeg in Resources */,
				7784D8931E6D1F43004AB0CC /* waitpay@3x.png in Resources */,
				090733811E64105A00F21E02 /* firstPageTabSel.png in Resources */,
				7784D89D1E6D5512004AB0CC /* success.png in Resources */,
				7784D89A1E6D5512004AB0CC /* date.png in Resources */,
				77038E0B1E63CA9E0096C07D /* index_slide_02.jpg in Resources */,
				090733961E655B0600F21E02 /* consultPageCell.xib in Resources */,
				77038E071E63CA8B0096C07D /* index_slide_04.jpg in Resources */,
				77FF9B7A1E696E18008C0FE7 /* whiteback@2x.png in Resources */,
				7784D8921E6D1F43004AB0CC /* waitpay@2x.png in Resources */,
				7784D8A61E6E532E004AB0CC /* whiteMessage.png in Resources */,
				090733871E64105A00F21E02 /* myPagTab.png in Resources */,
				7784D8AD1E6E80C5004AB0CC /* MessageViewController.xib in Resources */,
				77038E041E63C9F20096C07D /* 银联支付.png in Resources */,
				77038E011E63C9F20096C07D /* 客服.png in Resources */,
				090733831E64105A00F21E02 /* mainMessage.png in Resources */,
				77FF9B791E696E18008C0FE7 /* whiteback.png in Resources */,
				090733821E64105A00F21E02 /* firstPageTabSel@2x.png in Resources */,
				77D2BF9D1E66B93E000B9978 /* do.png in Resources */,
				77DA5DCE1E666B92003FAE0C /* LoginViewController.xib in Resources */,
				0945B13D1E67E7F2005B7560 /* female.png in Resources */,
				77D2BF9B1E66B933000B9978 /* donot.png in Resources */,
			);
			runOnlyForDeploymentPostprocessing = 0;
		};
		0953C2351E514B5800FB165C /* Resources */ = {
			isa = PBXResourcesBuildPhase;
			buildActionMask = 2147483647;
			files = (
			);
			runOnlyForDeploymentPostprocessing = 0;
		};
		0953C2401E514B5900FB165C /* Resources */ = {
			isa = PBXResourcesBuildPhase;
			buildActionMask = 2147483647;
			files = (
			);
			runOnlyForDeploymentPostprocessing = 0;
		};
/* End PBXResourcesBuildPhase section */

/* Begin PBXShellScriptBuildPhase section */
		1EC28928356EB4D43D36D7FF /* [CP] Embed Pods Frameworks */ = {
			isa = PBXShellScriptBuildPhase;
			buildActionMask = 2147483647;
			files = (
			);
			inputPaths = (
			);
			name = "[CP] Embed Pods Frameworks";
			outputPaths = (
			);
			runOnlyForDeploymentPostprocessing = 0;
			shellPath = /bin/sh;
			shellScript = "\"${SRCROOT}/Pods/Target Support Files/Pods-letian/Pods-letian-frameworks.sh\"\n";
			showEnvVarsInLog = 0;
		};
		7B2FECA90A757B4B87E408C0 /* [CP] Check Pods Manifest.lock */ = {
			isa = PBXShellScriptBuildPhase;
			buildActionMask = 2147483647;
			files = (
			);
			inputPaths = (
			);
			name = "[CP] Check Pods Manifest.lock";
			outputPaths = (
			);
			runOnlyForDeploymentPostprocessing = 0;
			shellPath = /bin/sh;
			shellScript = "diff \"${PODS_ROOT}/../Podfile.lock\" \"${PODS_ROOT}/Manifest.lock\" > /dev/null\nif [ $? != 0 ] ; then\n    # print error to STDERR\n    echo \"error: The sandbox is not in sync with the Podfile.lock. Run 'pod install' or update your CocoaPods installation.\" >&2\n    exit 1\nfi\n";
			showEnvVarsInLog = 0;
		};
		8E98826DB88D084D3D8BD428 /* [CP] Copy Pods Resources */ = {
			isa = PBXShellScriptBuildPhase;
			buildActionMask = 2147483647;
			files = (
			);
			inputPaths = (
			);
			name = "[CP] Copy Pods Resources";
			outputPaths = (
			);
			runOnlyForDeploymentPostprocessing = 0;
			shellPath = /bin/sh;
			shellScript = "\"${SRCROOT}/Pods/Target Support Files/Pods-letian/Pods-letian-resources.sh\"\n";
			showEnvVarsInLog = 0;
		};
/* End PBXShellScriptBuildPhase section */

/* Begin PBXSourcesBuildPhase section */
		0953C21A1E514B5700FB165C /* Sources */ = {
			isa = PBXSourcesBuildPhase;
			buildActionMask = 2147483647;
			files = (
				77D2BF971E66B3D0000B9978 /* RegistViewController.m in Sources */,
				77C383101E6CF79A00B4EF73 /* ChangePwViewController.m in Sources */,
				0970CFF51E5180DF007480CB /* MyViewController.m in Sources */,
				77D2BFA61E67D6A9000B9978 /* ForgetPwViewController.m in Sources */,
				0945B1481E6937DF005B7560 /* CustomCYLTabBar.m in Sources */,
				0953C2291E514B5800FB165C /* ViewController.m in Sources */,
				7784D8AC1E6E80C5004AB0CC /* MessageViewController.m in Sources */,
				77038DE81E63C3B50096C07D /* YYCycleScrollView.m in Sources */,
				774DBC0C1E6420FC00B8798C /* HomeCell.m in Sources */,
				0907339A1E65665A00F21E02 /* counselorInfoModel.m in Sources */,
				0970CFF01E5180BF007480CB /* ConsultViewController.m in Sources */,
				090733951E655B0600F21E02 /* consultPageCell.m in Sources */,
				0953C2261E514B5800FB165C /* AppDelegate.m in Sources */,
				77DA5DCD1E666B92003FAE0C /* LoginViewController.m in Sources */,
				0953C2231E514B5800FB165C /* main.m in Sources */,
				7784D8A21E6D587D004AB0CC /* GQControls.m in Sources */,
				77D2BFA11E66C404000B9978 /* SetAcountViewController.m in Sources */,
				0945B1441E67E8BF005B7560 /* CounselorInfoViewController.m in Sources */,
				0970CFEC1E517EB8007480CB /* FirstViewController.m in Sources */,
				09F1E6FD1E6E4A3E007FBE81 /* orderPageCell.m in Sources */,
				77038DE71E63C3B50096C07D /* NSTimer+YYFounction.m in Sources */,
			);
			runOnlyForDeploymentPostprocessing = 0;
		};
		0953C2331E514B5800FB165C /* Sources */ = {
			isa = PBXSourcesBuildPhase;
			buildActionMask = 2147483647;
			files = (
				0953C23C1E514B5800FB165C /* letianTests.m in Sources */,
			);
			runOnlyForDeploymentPostprocessing = 0;
		};
		0953C23E1E514B5900FB165C /* Sources */ = {
			isa = PBXSourcesBuildPhase;
			buildActionMask = 2147483647;
			files = (
				0953C2471E514B5900FB165C /* letianUITests.m in Sources */,
			);
			runOnlyForDeploymentPostprocessing = 0;
		};
/* End PBXSourcesBuildPhase section */

/* Begin PBXTargetDependency section */
		0953C2391E514B5800FB165C /* PBXTargetDependency */ = {
			isa = PBXTargetDependency;
			target = 0953C21D1E514B5700FB165C /* letian */;
			targetProxy = 0953C2381E514B5800FB165C /* PBXContainerItemProxy */;
		};
		0953C2441E514B5900FB165C /* PBXTargetDependency */ = {
			isa = PBXTargetDependency;
			target = 0953C21D1E514B5700FB165C /* letian */;
			targetProxy = 0953C2431E514B5900FB165C /* PBXContainerItemProxy */;
		};
/* End PBXTargetDependency section */

/* Begin PBXVariantGroup section */
		0953C22A1E514B5800FB165C /* Main.storyboard */ = {
			isa = PBXVariantGroup;
			children = (
				0953C22B1E514B5800FB165C /* Base */,
			);
			name = Main.storyboard;
			sourceTree = "<group>";
		};
		0953C22F1E514B5800FB165C /* LaunchScreen.storyboard */ = {
			isa = PBXVariantGroup;
			children = (
				0953C2301E514B5800FB165C /* Base */,
			);
			name = LaunchScreen.storyboard;
			sourceTree = "<group>";
		};
/* End PBXVariantGroup section */

/* Begin XCBuildConfiguration section */
		0953C2491E514B5900FB165C /* Debug */ = {
			isa = XCBuildConfiguration;
			buildSettings = {
				ALWAYS_SEARCH_USER_PATHS = NO;
				CLANG_ANALYZER_NONNULL = YES;
				CLANG_CXX_LANGUAGE_STANDARD = "gnu++0x";
				CLANG_CXX_LIBRARY = "libc++";
				CLANG_ENABLE_MODULES = YES;
				CLANG_ENABLE_OBJC_ARC = YES;
				CLANG_WARN_BOOL_CONVERSION = YES;
				CLANG_WARN_CONSTANT_CONVERSION = YES;
				CLANG_WARN_DIRECT_OBJC_ISA_USAGE = YES_ERROR;
				CLANG_WARN_DOCUMENTATION_COMMENTS = YES;
				CLANG_WARN_EMPTY_BODY = YES;
				CLANG_WARN_ENUM_CONVERSION = YES;
				CLANG_WARN_INFINITE_RECURSION = YES;
				CLANG_WARN_INT_CONVERSION = YES;
				CLANG_WARN_OBJC_ROOT_CLASS = YES_ERROR;
				CLANG_WARN_SUSPICIOUS_MOVE = YES;
				CLANG_WARN_UNREACHABLE_CODE = YES;
				CLANG_WARN__DUPLICATE_METHOD_MATCH = YES;
				"CODE_SIGN_IDENTITY[sdk=iphoneos*]" = "iPhone Developer";
				COPY_PHASE_STRIP = NO;
				DEBUG_INFORMATION_FORMAT = dwarf;
				ENABLE_STRICT_OBJC_MSGSEND = YES;
				ENABLE_TESTABILITY = YES;
				GCC_C_LANGUAGE_STANDARD = gnu99;
				GCC_DYNAMIC_NO_PIC = NO;
				GCC_NO_COMMON_BLOCKS = YES;
				GCC_OPTIMIZATION_LEVEL = 0;
				GCC_PREPROCESSOR_DEFINITIONS = (
					"DEBUG=1",
					"$(inherited)",
				);
				GCC_WARN_64_TO_32_BIT_CONVERSION = YES;
				GCC_WARN_ABOUT_RETURN_TYPE = YES_ERROR;
				GCC_WARN_UNDECLARED_SELECTOR = YES;
				GCC_WARN_UNINITIALIZED_AUTOS = YES_AGGRESSIVE;
				GCC_WARN_UNUSED_FUNCTION = YES;
				GCC_WARN_UNUSED_VARIABLE = YES;
				IPHONEOS_DEPLOYMENT_TARGET = 10.2;
				MTL_ENABLE_DEBUG_INFO = YES;
				ONLY_ACTIVE_ARCH = YES;
				SDKROOT = iphoneos;
				TARGETED_DEVICE_FAMILY = "1,2";
			};
			name = Debug;
		};
		0953C24A1E514B5900FB165C /* Release */ = {
			isa = XCBuildConfiguration;
			buildSettings = {
				ALWAYS_SEARCH_USER_PATHS = NO;
				CLANG_ANALYZER_NONNULL = YES;
				CLANG_CXX_LANGUAGE_STANDARD = "gnu++0x";
				CLANG_CXX_LIBRARY = "libc++";
				CLANG_ENABLE_MODULES = YES;
				CLANG_ENABLE_OBJC_ARC = YES;
				CLANG_WARN_BOOL_CONVERSION = YES;
				CLANG_WARN_CONSTANT_CONVERSION = YES;
				CLANG_WARN_DIRECT_OBJC_ISA_USAGE = YES_ERROR;
				CLANG_WARN_DOCUMENTATION_COMMENTS = YES;
				CLANG_WARN_EMPTY_BODY = YES;
				CLANG_WARN_ENUM_CONVERSION = YES;
				CLANG_WARN_INFINITE_RECURSION = YES;
				CLANG_WARN_INT_CONVERSION = YES;
				CLANG_WARN_OBJC_ROOT_CLASS = YES_ERROR;
				CLANG_WARN_SUSPICIOUS_MOVE = YES;
				CLANG_WARN_UNREACHABLE_CODE = YES;
				CLANG_WARN__DUPLICATE_METHOD_MATCH = YES;
				"CODE_SIGN_IDENTITY[sdk=iphoneos*]" = "iPhone Developer";
				COPY_PHASE_STRIP = NO;
				DEBUG_INFORMATION_FORMAT = "dwarf-with-dsym";
				ENABLE_NS_ASSERTIONS = NO;
				ENABLE_STRICT_OBJC_MSGSEND = YES;
				GCC_C_LANGUAGE_STANDARD = gnu99;
				GCC_NO_COMMON_BLOCKS = YES;
				GCC_WARN_64_TO_32_BIT_CONVERSION = YES;
				GCC_WARN_ABOUT_RETURN_TYPE = YES_ERROR;
				GCC_WARN_UNDECLARED_SELECTOR = YES;
				GCC_WARN_UNINITIALIZED_AUTOS = YES_AGGRESSIVE;
				GCC_WARN_UNUSED_FUNCTION = YES;
				GCC_WARN_UNUSED_VARIABLE = YES;
				IPHONEOS_DEPLOYMENT_TARGET = 10.2;
				MTL_ENABLE_DEBUG_INFO = NO;
				SDKROOT = iphoneos;
				TARGETED_DEVICE_FAMILY = "1,2";
				VALIDATE_PRODUCT = YES;
			};
			name = Release;
		};
		0953C24C1E514B5900FB165C /* Debug */ = {
			isa = XCBuildConfiguration;
			baseConfigurationReference = F8550220C06BB0D4BA36D36F /* Pods-letian.debug.xcconfig */;
			buildSettings = {
				ASSETCATALOG_COMPILER_APPICON_NAME = AppIcon;
				DEVELOPMENT_TEAM = 3FZ6X72MWM;
				GCC_PRECOMPILE_PREFIX_HEADER = YES;
				GCC_PREFIX_HEADER = "$(SRCROOT)/letian/PrefixHeader.pch";
				INFOPLIST_FILE = letian/Info.plist;
				LD_RUNPATH_SEARCH_PATHS = "$(inherited) @executable_path/Frameworks";
				PRODUCT_BUNDLE_IDENTIFIER = J.letian;
				PRODUCT_NAME = "$(TARGET_NAME)";
			};
			name = Debug;
		};
		0953C24D1E514B5900FB165C /* Release */ = {
			isa = XCBuildConfiguration;
			baseConfigurationReference = 7DE455D051C315B06E3F4C61 /* Pods-letian.release.xcconfig */;
			buildSettings = {
				ASSETCATALOG_COMPILER_APPICON_NAME = AppIcon;
				DEVELOPMENT_TEAM = 3FZ6X72MWM;
				GCC_PRECOMPILE_PREFIX_HEADER = YES;
				GCC_PREFIX_HEADER = "$(SRCROOT)/letian/PrefixHeader.pch";
				INFOPLIST_FILE = letian/Info.plist;
				LD_RUNPATH_SEARCH_PATHS = "$(inherited) @executable_path/Frameworks";
				PRODUCT_BUNDLE_IDENTIFIER = J.letian;
				PRODUCT_NAME = "$(TARGET_NAME)";
			};
			name = Release;
		};
		0953C24F1E514B5900FB165C /* Debug */ = {
			isa = XCBuildConfiguration;
			buildSettings = {
				BUNDLE_LOADER = "$(TEST_HOST)";
				INFOPLIST_FILE = letianTests/Info.plist;
				LD_RUNPATH_SEARCH_PATHS = "$(inherited) @executable_path/Frameworks @loader_path/Frameworks";
				PRODUCT_BUNDLE_IDENTIFIER = J.letianTests;
				PRODUCT_NAME = "$(TARGET_NAME)";
				TEST_HOST = "$(BUILT_PRODUCTS_DIR)/letian.app/letian";
			};
			name = Debug;
		};
		0953C2501E514B5900FB165C /* Release */ = {
			isa = XCBuildConfiguration;
			buildSettings = {
				BUNDLE_LOADER = "$(TEST_HOST)";
				INFOPLIST_FILE = letianTests/Info.plist;
				LD_RUNPATH_SEARCH_PATHS = "$(inherited) @executable_path/Frameworks @loader_path/Frameworks";
				PRODUCT_BUNDLE_IDENTIFIER = J.letianTests;
				PRODUCT_NAME = "$(TARGET_NAME)";
				TEST_HOST = "$(BUILT_PRODUCTS_DIR)/letian.app/letian";
			};
			name = Release;
		};
		0953C2521E514B5900FB165C /* Debug */ = {
			isa = XCBuildConfiguration;
			buildSettings = {
				INFOPLIST_FILE = letianUITests/Info.plist;
				LD_RUNPATH_SEARCH_PATHS = "$(inherited) @executable_path/Frameworks @loader_path/Frameworks";
				PRODUCT_BUNDLE_IDENTIFIER = J.letianUITests;
				PRODUCT_NAME = "$(TARGET_NAME)";
				TEST_TARGET_NAME = letian;
			};
			name = Debug;
		};
		0953C2531E514B5900FB165C /* Release */ = {
			isa = XCBuildConfiguration;
			buildSettings = {
				INFOPLIST_FILE = letianUITests/Info.plist;
				LD_RUNPATH_SEARCH_PATHS = "$(inherited) @executable_path/Frameworks @loader_path/Frameworks";
				PRODUCT_BUNDLE_IDENTIFIER = J.letianUITests;
				PRODUCT_NAME = "$(TARGET_NAME)";
				TEST_TARGET_NAME = letian;
			};
			name = Release;
		};
/* End XCBuildConfiguration section */

/* Begin XCConfigurationList section */
		0953C2191E514B5700FB165C /* Build configuration list for PBXProject "letian" */ = {
			isa = XCConfigurationList;
			buildConfigurations = (
				0953C2491E514B5900FB165C /* Debug */,
				0953C24A1E514B5900FB165C /* Release */,
			);
			defaultConfigurationIsVisible = 0;
			defaultConfigurationName = Release;
		};
		0953C24B1E514B5900FB165C /* Build configuration list for PBXNativeTarget "letian" */ = {
			isa = XCConfigurationList;
			buildConfigurations = (
				0953C24C1E514B5900FB165C /* Debug */,
				0953C24D1E514B5900FB165C /* Release */,
			);
			defaultConfigurationIsVisible = 0;
			defaultConfigurationName = Release;
		};
		0953C24E1E514B5900FB165C /* Build configuration list for PBXNativeTarget "letianTests" */ = {
			isa = XCConfigurationList;
			buildConfigurations = (
				0953C24F1E514B5900FB165C /* Debug */,
				0953C2501E514B5900FB165C /* Release */,
			);
			defaultConfigurationIsVisible = 0;
			defaultConfigurationName = Release;
		};
		0953C2511E514B5900FB165C /* Build configuration list for PBXNativeTarget "letianUITests" */ = {
			isa = XCConfigurationList;
			buildConfigurations = (
				0953C2521E514B5900FB165C /* Debug */,
				0953C2531E514B5900FB165C /* Release */,
			);
			defaultConfigurationIsVisible = 0;
			defaultConfigurationName = Release;
		};
/* End XCConfigurationList section */
	};
	rootObject = 0953C2161E514B5700FB165C /* Project object */;
}
